// !$*UTF8*$!
{
	archiveVersion = 1;
	classes = {
	};
	objectVersion = 50;
	objects = {

/* Begin PBXBuildFile section */
		1D49B41521B7FD1A00920CF4 /* ItemFormController.swift in Sources */ = {isa = PBXBuildFile; fileRef = 1D49B41421B7FD1A00920CF4 /* ItemFormController.swift */; };
		1D49B41721B7FD3100920CF4 /* NewItemFormView.swift in Sources */ = {isa = PBXBuildFile; fileRef = 1D49B41621B7FD3100920CF4 /* NewItemFormView.swift */; };
		1D49B41A21B7FFD200920CF4 /* NavBarButtonBuilder.swift in Sources */ = {isa = PBXBuildFile; fileRef = 1D49B41921B7FFD200920CF4 /* NavBarButtonBuilder.swift */; };
		1D49B41C21B7FFFC00920CF4 /* NavigationItemBuilder.swift in Sources */ = {isa = PBXBuildFile; fileRef = 1D49B41B21B7FFFC00920CF4 /* NavigationItemBuilder.swift */; };
		1D49B41F21B8004400920CF4 /* NavBarButtonType.swift in Sources */ = {isa = PBXBuildFile; fileRef = 1D49B41E21B8004400920CF4 /* NavBarButtonType.swift */; };
		1D49B42521B8510300920CF4 /* TextFieldView.swift in Sources */ = {isa = PBXBuildFile; fileRef = 1D49B42421B8510300920CF4 /* TextFieldView.swift */; };
		1D49B42821B853F800920CF4 /* TextFieldViewBuilder.swift in Sources */ = {isa = PBXBuildFile; fileRef = 1D49B42721B853F800920CF4 /* TextFieldViewBuilder.swift */; };
		1D76F06221BBF81800A53853 /* ItemForm.swift in Sources */ = {isa = PBXBuildFile; fileRef = 1D76F06121BBF81800A53853 /* ItemForm.swift */; };
		1D76F06921BC214600A53853 /* FormController.swift in Sources */ = {isa = PBXBuildFile; fileRef = 1D76F06821BC214600A53853 /* FormController.swift */; };
		1D76F06E21BC527700A53853 /* CurrentProgressTableView.swift in Sources */ = {isa = PBXBuildFile; fileRef = 1D76F06D21BC527700A53853 /* CurrentProgressTableView.swift */; };
		1D76F07021BC52C800A53853 /* ProgressTableViewDelegate.swift in Sources */ = {isa = PBXBuildFile; fileRef = 1D76F06F21BC52C800A53853 /* ProgressTableViewDelegate.swift */; };
		1D7D37D421C05E81000E3621 /* ItemService.swift in Sources */ = {isa = PBXBuildFile; fileRef = 1D7D37D321C05E81000E3621 /* ItemService.swift */; };
		1D7D37D621C05EE6000E3621 /* ItemDetailsDto.swift in Sources */ = {isa = PBXBuildFile; fileRef = 1D7D37D521C05EE6000E3621 /* ItemDetailsDto.swift */; };
		1D7D37DD21C06164000E3621 /* ItemServiceImpl.swift in Sources */ = {isa = PBXBuildFile; fileRef = 1D7D37DC21C06164000E3621 /* ItemServiceImpl.swift */; };
		1D7D37DF21C061E3000E3621 /* ItemRepository.swift in Sources */ = {isa = PBXBuildFile; fileRef = 1D7D37DE21C061E3000E3621 /* ItemRepository.swift */; };
		1D7D37E221C061FD000E3621 /* ItemRepositoryImpl.swift in Sources */ = {isa = PBXBuildFile; fileRef = 1D7D37E121C061FD000E3621 /* ItemRepositoryImpl.swift */; };
		1D7D37E721C2F2AA000E3621 /* ControllerResolver.swift in Sources */ = {isa = PBXBuildFile; fileRef = 1D7D37E621C2F2AA000E3621 /* ControllerResolver.swift */; };
		1D7D37EA21C2F328000E3621 /* ControllersType.swift in Sources */ = {isa = PBXBuildFile; fileRef = 1D7D37E921C2F328000E3621 /* ControllersType.swift */; };
		1D7D37EC21C30041000E3621 /* Form.swift in Sources */ = {isa = PBXBuildFile; fileRef = 1D7D37EB21C30041000E3621 /* Form.swift */; };
		1D9B8C4421C698AD009427FE /* ViewResolver.swift in Sources */ = {isa = PBXBuildFile; fileRef = 1D9B8C4321C698AD009427FE /* ViewResolver.swift */; };
		1DB3900521B5BFD000C11CD7 /* AppDelegate.swift in Sources */ = {isa = PBXBuildFile; fileRef = 1DB3900421B5BFD000C11CD7 /* AppDelegate.swift */; };
		1DB3900D21B5BFD000C11CD7 /* countit.xcdatamodeld in Sources */ = {isa = PBXBuildFile; fileRef = 1DB3900B21B5BFD000C11CD7 /* countit.xcdatamodeld */; };
		1DB3900F21B5BFD200C11CD7 /* Assets.xcassets in Resources */ = {isa = PBXBuildFile; fileRef = 1DB3900E21B5BFD200C11CD7 /* Assets.xcassets */; };
		1DB3901D21B5BFD200C11CD7 /* CreateItems.swift in Sources */ = {isa = PBXBuildFile; fileRef = 1DB3901C21B5BFD200C11CD7 /* CreateItems.swift */; };
		1DB3902821B5BFD200C11CD7 /* CreateItems.swift in Sources */ = {isa = PBXBuildFile; fileRef = 1DB3902721B5BFD200C11CD7 /* CreateItems.swift */; };
		1DB3903D21B5C19600C11CD7 /* ProgressTableController.swift in Sources */ = {isa = PBXBuildFile; fileRef = 1DB3903C21B5C19600C11CD7 /* ProgressTableController.swift */; };
		1DB3903F21B5C37900C11CD7 /* CurrentProgressTableCellView.swift in Sources */ = {isa = PBXBuildFile; fileRef = 1DB3903E21B5C37900C11CD7 /* CurrentProgressTableCellView.swift */; };
		1DB3904221B6AC3300C11CD7 /* ViewExtensions.swift in Sources */ = {isa = PBXBuildFile; fileRef = 1DB3904121B6AC3300C11CD7 /* ViewExtensions.swift */; };
		1DEB4B7A21CFF98B002F09CF /* CoreDataConfig.swift in Sources */ = {isa = PBXBuildFile; fileRef = 1DEB4B7921CFF98B002F09CF /* CoreDataConfig.swift */; };
		1DEB4B7C21CFFB07002F09CF /* TestCoreDataConfig.swift in Sources */ = {isa = PBXBuildFile; fileRef = 1DEB4B7B21CFFB07002F09CF /* TestCoreDataConfig.swift */; };
		1DEB4B7F21D00982002F09CF /* UpdateItems.swift in Sources */ = {isa = PBXBuildFile; fileRef = 1DEB4B7E21D00982002F09CF /* UpdateItems.swift */; };
		1DEB4B8121D00991002F09CF /* ReadItems.swift in Sources */ = {isa = PBXBuildFile; fileRef = 1DEB4B8021D00991002F09CF /* ReadItems.swift */; };
		1DEB4B8321D009B6002F09CF /* DeleteItems.swift in Sources */ = {isa = PBXBuildFile; fileRef = 1DEB4B8221D009B6002F09CF /* DeleteItems.swift */; };
		1DEB4B8521D4FC8B002F09CF /* UpdateItems.swift in Sources */ = {isa = PBXBuildFile; fileRef = 1DEB4B8421D4FC8B002F09CF /* UpdateItems.swift */; };
		1DEB4B8721D4FC9C002F09CF /* DeleteItems.swift in Sources */ = {isa = PBXBuildFile; fileRef = 1DEB4B8621D4FC9C002F09CF /* DeleteItems.swift */; };
		1DEB4B8921D52F4B002F09CF /* SearchItems.swift in Sources */ = {isa = PBXBuildFile; fileRef = 1DEB4B8821D52F4B002F09CF /* SearchItems.swift */; };
		1DEB4B8B21D53A5F002F09CF /* XCUIElementExtension.swift in Sources */ = {isa = PBXBuildFile; fileRef = 1DEB4B8A21D53A5F002F09CF /* XCUIElementExtension.swift */; };
		1DEB4B8D21D54EAD002F09CF /* XCTestExtension.swift in Sources */ = {isa = PBXBuildFile; fileRef = 1DEB4B8C21D54EAD002F09CF /* XCTestExtension.swift */; };
		1DEB4B9621D670AE002F09CF /* ItemServicePerformanceTests.swift in Sources */ = {isa = PBXBuildFile; fileRef = 1DEB4B9521D670AE002F09CF /* ItemServicePerformanceTests.swift */; };
		1DEB4B9821D8C9C0002F09CF /* TargetFormView.swift in Sources */ = {isa = PBXBuildFile; fileRef = 1DEB4B9721D8C9C0002F09CF /* TargetFormView.swift */; };
		1DEB4B9A21D8DF09002F09CF /* TextSelectorFieldView.swift in Sources */ = {isa = PBXBuildFile; fileRef = 1DEB4B9921D8DF09002F09CF /* TextSelectorFieldView.swift */; };
		1DEB4B9C21D93809002F09CF /* TargetForm.swift in Sources */ = {isa = PBXBuildFile; fileRef = 1DEB4B9B21D93809002F09CF /* TargetForm.swift */; };
		1DEB4B9F21D93921002F09CF /* TargetDirection.swift in Sources */ = {isa = PBXBuildFile; fileRef = 1DEB4B9E21D93921002F09CF /* TargetDirection.swift */; };
		1DEB4BA121D93972002F09CF /* TargetTimePeriod.swift in Sources */ = {isa = PBXBuildFile; fileRef = 1DEB4BA021D93972002F09CF /* TargetTimePeriod.swift */; };
		1DEB4BA321D946DB002F09CF /* TargetDto.swift in Sources */ = {isa = PBXBuildFile; fileRef = 1DEB4BA221D946DB002F09CF /* TargetDto.swift */; };
		1DEB4BA621DBF2A3002F09CF /* ItemDetailsBuilder.swift in Sources */ = {isa = PBXBuildFile; fileRef = 1DEB4BA521DBF2A3002F09CF /* ItemDetailsBuilder.swift */; };
		1DEB4BA821DBF2AD002F09CF /* TargetBuilder.swift in Sources */ = {isa = PBXBuildFile; fileRef = 1DEB4BA721DBF2AD002F09CF /* TargetBuilder.swift */; };
		1DEB4BAB21DBFC4C002F09CF /* CommonSteps.swift in Sources */ = {isa = PBXBuildFile; fileRef = 1DEB4BAA21DBFC4C002F09CF /* CommonSteps.swift */; };
		1DEB4BAD21DBFEF6002F09CF /* ItemServiceContractTestBase.swift in Sources */ = {isa = PBXBuildFile; fileRef = 1DEB4BAC21DBFEF6002F09CF /* ItemServiceContractTestBase.swift */; };
		1DEB4BB021DC00E8002F09CF /* XCTestExtension.swift in Sources */ = {isa = PBXBuildFile; fileRef = 1DEB4BAF21DC00E8002F09CF /* XCTestExtension.swift */; };
		1DEB4BB321E1152B002F09CF /* Clock.swift in Sources */ = {isa = PBXBuildFile; fileRef = 1DEB4BB221E1152B002F09CF /* Clock.swift */; };
		1DEB4BB521E3892B002F09CF /* NewActivityDto.swift in Sources */ = {isa = PBXBuildFile; fileRef = 1DEB4BB421E3892B002F09CF /* NewActivityDto.swift */; };
		1DEB4BB721E38A45002F09CF /* ActivityService.swift in Sources */ = {isa = PBXBuildFile; fileRef = 1DEB4BB621E38A45002F09CF /* ActivityService.swift */; };
		1DEB4BB921E38A99002F09CF /* ActivityServiceImpl.swift in Sources */ = {isa = PBXBuildFile; fileRef = 1DEB4BB821E38A99002F09CF /* ActivityServiceImpl.swift */; };
		1DEB4BBB21E38B01002F09CF /* ActivityRepository.swift in Sources */ = {isa = PBXBuildFile; fileRef = 1DEB4BBA21E38B01002F09CF /* ActivityRepository.swift */; };
		1DEB4BBD21E38B4E002F09CF /* ActivityRepositoryImpl.swift in Sources */ = {isa = PBXBuildFile; fileRef = 1DEB4BBC21E38B4E002F09CF /* ActivityRepositoryImpl.swift */; };
		1DEB4BBF21E3DCAE002F09CF /* ItemSummaryDto.swift in Sources */ = {isa = PBXBuildFile; fileRef = 1DEB4BBE21E3DCAE002F09CF /* ItemSummaryDto.swift */; };
		1DEB4BC121E3E320002F09CF /* ItemSummaryBuilder.swift in Sources */ = {isa = PBXBuildFile; fileRef = 1DEB4BC021E3E320002F09CF /* ItemSummaryBuilder.swift */; };
/* End PBXBuildFile section */

/* Begin PBXContainerItemProxy section */
		1DB3901921B5BFD200C11CD7 /* PBXContainerItemProxy */ = {
			isa = PBXContainerItemProxy;
			containerPortal = 1DB38FF921B5BFD000C11CD7 /* Project object */;
			proxyType = 1;
			remoteGlobalIDString = 1DB3900021B5BFD000C11CD7;
			remoteInfo = countit;
		};
		1DB3902421B5BFD200C11CD7 /* PBXContainerItemProxy */ = {
			isa = PBXContainerItemProxy;
			containerPortal = 1DB38FF921B5BFD000C11CD7 /* Project object */;
			proxyType = 1;
			remoteGlobalIDString = 1DB3900021B5BFD000C11CD7;
			remoteInfo = countit;
		};
/* End PBXContainerItemProxy section */

/* Begin PBXFileReference section */
		1D49B41421B7FD1A00920CF4 /* ItemFormController.swift */ = {isa = PBXFileReference; lastKnownFileType = sourcecode.swift; path = ItemFormController.swift; sourceTree = "<group>"; };
		1D49B41621B7FD3100920CF4 /* NewItemFormView.swift */ = {isa = PBXFileReference; lastKnownFileType = sourcecode.swift; path = NewItemFormView.swift; sourceTree = "<group>"; };
		1D49B41921B7FFD200920CF4 /* NavBarButtonBuilder.swift */ = {isa = PBXFileReference; lastKnownFileType = sourcecode.swift; path = NavBarButtonBuilder.swift; sourceTree = "<group>"; };
		1D49B41B21B7FFFC00920CF4 /* NavigationItemBuilder.swift */ = {isa = PBXFileReference; lastKnownFileType = sourcecode.swift; path = NavigationItemBuilder.swift; sourceTree = "<group>"; };
		1D49B41E21B8004400920CF4 /* NavBarButtonType.swift */ = {isa = PBXFileReference; lastKnownFileType = sourcecode.swift; path = NavBarButtonType.swift; sourceTree = "<group>"; };
		1D49B42421B8510300920CF4 /* TextFieldView.swift */ = {isa = PBXFileReference; lastKnownFileType = sourcecode.swift; path = TextFieldView.swift; sourceTree = "<group>"; };
		1D49B42721B853F800920CF4 /* TextFieldViewBuilder.swift */ = {isa = PBXFileReference; lastKnownFileType = sourcecode.swift; path = TextFieldViewBuilder.swift; sourceTree = "<group>"; };
		1D76F06121BBF81800A53853 /* ItemForm.swift */ = {isa = PBXFileReference; lastKnownFileType = sourcecode.swift; path = ItemForm.swift; sourceTree = "<group>"; };
		1D76F06821BC214600A53853 /* FormController.swift */ = {isa = PBXFileReference; lastKnownFileType = sourcecode.swift; path = FormController.swift; sourceTree = "<group>"; };
		1D76F06D21BC527700A53853 /* CurrentProgressTableView.swift */ = {isa = PBXFileReference; lastKnownFileType = sourcecode.swift; path = CurrentProgressTableView.swift; sourceTree = "<group>"; };
		1D76F06F21BC52C800A53853 /* ProgressTableViewDelegate.swift */ = {isa = PBXFileReference; lastKnownFileType = sourcecode.swift; path = ProgressTableViewDelegate.swift; sourceTree = "<group>"; };
		1D7D37D321C05E81000E3621 /* ItemService.swift */ = {isa = PBXFileReference; lastKnownFileType = sourcecode.swift; path = ItemService.swift; sourceTree = "<group>"; };
		1D7D37D521C05EE6000E3621 /* ItemDetailsDto.swift */ = {isa = PBXFileReference; lastKnownFileType = sourcecode.swift; path = ItemDetailsDto.swift; sourceTree = "<group>"; };
		1D7D37DC21C06164000E3621 /* ItemServiceImpl.swift */ = {isa = PBXFileReference; lastKnownFileType = sourcecode.swift; path = ItemServiceImpl.swift; sourceTree = "<group>"; };
		1D7D37DE21C061E3000E3621 /* ItemRepository.swift */ = {isa = PBXFileReference; lastKnownFileType = sourcecode.swift; path = ItemRepository.swift; sourceTree = "<group>"; };
		1D7D37E121C061FD000E3621 /* ItemRepositoryImpl.swift */ = {isa = PBXFileReference; lastKnownFileType = sourcecode.swift; path = ItemRepositoryImpl.swift; sourceTree = "<group>"; };
		1D7D37E621C2F2AA000E3621 /* ControllerResolver.swift */ = {isa = PBXFileReference; lastKnownFileType = sourcecode.swift; path = ControllerResolver.swift; sourceTree = "<group>"; };
		1D7D37E921C2F328000E3621 /* ControllersType.swift */ = {isa = PBXFileReference; lastKnownFileType = sourcecode.swift; path = ControllersType.swift; sourceTree = "<group>"; };
		1D7D37EB21C30041000E3621 /* Form.swift */ = {isa = PBXFileReference; lastKnownFileType = sourcecode.swift; path = Form.swift; sourceTree = "<group>"; };
		1D9B8C4321C698AD009427FE /* ViewResolver.swift */ = {isa = PBXFileReference; lastKnownFileType = sourcecode.swift; name = ViewResolver.swift; path = countit/View/ViewResolver.swift; sourceTree = SOURCE_ROOT; };
		1DB3900121B5BFD000C11CD7 /* countit.app */ = {isa = PBXFileReference; explicitFileType = wrapper.application; includeInIndex = 0; path = countit.app; sourceTree = BUILT_PRODUCTS_DIR; };
		1DB3900421B5BFD000C11CD7 /* AppDelegate.swift */ = {isa = PBXFileReference; lastKnownFileType = sourcecode.swift; path = AppDelegate.swift; sourceTree = "<group>"; };
		1DB3900C21B5BFD000C11CD7 /* countit.xcdatamodel */ = {isa = PBXFileReference; lastKnownFileType = wrapper.xcdatamodel; path = countit.xcdatamodel; sourceTree = "<group>"; };
		1DB3900E21B5BFD200C11CD7 /* Assets.xcassets */ = {isa = PBXFileReference; lastKnownFileType = folder.assetcatalog; path = Assets.xcassets; sourceTree = "<group>"; };
		1DB3901321B5BFD200C11CD7 /* Info.plist */ = {isa = PBXFileReference; lastKnownFileType = text.plist.xml; path = Info.plist; sourceTree = "<group>"; };
		1DB3901821B5BFD200C11CD7 /* countitTests.xctest */ = {isa = PBXFileReference; explicitFileType = wrapper.cfbundle; includeInIndex = 0; path = countitTests.xctest; sourceTree = BUILT_PRODUCTS_DIR; };
		1DB3901C21B5BFD200C11CD7 /* CreateItems.swift */ = {isa = PBXFileReference; lastKnownFileType = sourcecode.swift; path = CreateItems.swift; sourceTree = "<group>"; };
		1DB3901E21B5BFD200C11CD7 /* Info.plist */ = {isa = PBXFileReference; lastKnownFileType = text.plist.xml; path = Info.plist; sourceTree = "<group>"; };
		1DB3902321B5BFD200C11CD7 /* countitUITests.xctest */ = {isa = PBXFileReference; explicitFileType = wrapper.cfbundle; includeInIndex = 0; path = countitUITests.xctest; sourceTree = BUILT_PRODUCTS_DIR; };
		1DB3902721B5BFD200C11CD7 /* CreateItems.swift */ = {isa = PBXFileReference; lastKnownFileType = sourcecode.swift; path = CreateItems.swift; sourceTree = "<group>"; };
		1DB3902921B5BFD200C11CD7 /* Info.plist */ = {isa = PBXFileReference; lastKnownFileType = text.plist.xml; path = Info.plist; sourceTree = "<group>"; };
		1DB3903C21B5C19600C11CD7 /* ProgressTableController.swift */ = {isa = PBXFileReference; lastKnownFileType = sourcecode.swift; path = ProgressTableController.swift; sourceTree = "<group>"; };
		1DB3903E21B5C37900C11CD7 /* CurrentProgressTableCellView.swift */ = {isa = PBXFileReference; lastKnownFileType = sourcecode.swift; path = CurrentProgressTableCellView.swift; sourceTree = "<group>"; };
		1DB3904121B6AC3300C11CD7 /* ViewExtensions.swift */ = {isa = PBXFileReference; lastKnownFileType = sourcecode.swift; path = ViewExtensions.swift; sourceTree = "<group>"; };
		1DEB4B7921CFF98B002F09CF /* CoreDataConfig.swift */ = {isa = PBXFileReference; lastKnownFileType = sourcecode.swift; path = CoreDataConfig.swift; sourceTree = "<group>"; };
		1DEB4B7B21CFFB07002F09CF /* TestCoreDataConfig.swift */ = {isa = PBXFileReference; lastKnownFileType = sourcecode.swift; path = TestCoreDataConfig.swift; sourceTree = "<group>"; };
		1DEB4B7E21D00982002F09CF /* UpdateItems.swift */ = {isa = PBXFileReference; lastKnownFileType = sourcecode.swift; path = UpdateItems.swift; sourceTree = "<group>"; };
		1DEB4B8021D00991002F09CF /* ReadItems.swift */ = {isa = PBXFileReference; lastKnownFileType = sourcecode.swift; path = ReadItems.swift; sourceTree = "<group>"; };
		1DEB4B8221D009B6002F09CF /* DeleteItems.swift */ = {isa = PBXFileReference; lastKnownFileType = sourcecode.swift; path = DeleteItems.swift; sourceTree = "<group>"; };
		1DEB4B8421D4FC8B002F09CF /* UpdateItems.swift */ = {isa = PBXFileReference; lastKnownFileType = sourcecode.swift; path = UpdateItems.swift; sourceTree = "<group>"; };
		1DEB4B8621D4FC9C002F09CF /* DeleteItems.swift */ = {isa = PBXFileReference; lastKnownFileType = sourcecode.swift; path = DeleteItems.swift; sourceTree = "<group>"; };
		1DEB4B8821D52F4B002F09CF /* SearchItems.swift */ = {isa = PBXFileReference; lastKnownFileType = sourcecode.swift; path = SearchItems.swift; sourceTree = "<group>"; };
		1DEB4B8A21D53A5F002F09CF /* XCUIElementExtension.swift */ = {isa = PBXFileReference; lastKnownFileType = sourcecode.swift; path = XCUIElementExtension.swift; sourceTree = "<group>"; };
		1DEB4B8C21D54EAD002F09CF /* XCTestExtension.swift */ = {isa = PBXFileReference; lastKnownFileType = sourcecode.swift; path = XCTestExtension.swift; sourceTree = "<group>"; };
		1DEB4B9521D670AE002F09CF /* ItemServicePerformanceTests.swift */ = {isa = PBXFileReference; lastKnownFileType = sourcecode.swift; path = ItemServicePerformanceTests.swift; sourceTree = "<group>"; };
		1DEB4B9721D8C9C0002F09CF /* TargetFormView.swift */ = {isa = PBXFileReference; lastKnownFileType = sourcecode.swift; name = TargetFormView.swift; path = countit/View/Forms/TargetFormView.swift; sourceTree = SOURCE_ROOT; };
		1DEB4B9921D8DF09002F09CF /* TextSelectorFieldView.swift */ = {isa = PBXFileReference; lastKnownFileType = sourcecode.swift; name = TextSelectorFieldView.swift; path = countit/View/Forms/Fields/TextSelectorFieldView.swift; sourceTree = SOURCE_ROOT; };
		1DEB4B9B21D93809002F09CF /* TargetForm.swift */ = {isa = PBXFileReference; lastKnownFileType = sourcecode.swift; name = TargetForm.swift; path = countit/model/Forms/TargetForm.swift; sourceTree = SOURCE_ROOT; };
		1DEB4B9E21D93921002F09CF /* TargetDirection.swift */ = {isa = PBXFileReference; lastKnownFileType = sourcecode.swift; path = TargetDirection.swift; sourceTree = "<group>"; };
		1DEB4BA021D93972002F09CF /* TargetTimePeriod.swift */ = {isa = PBXFileReference; lastKnownFileType = sourcecode.swift; path = TargetTimePeriod.swift; sourceTree = "<group>"; };
		1DEB4BA221D946DB002F09CF /* TargetDto.swift */ = {isa = PBXFileReference; lastKnownFileType = sourcecode.swift; path = TargetDto.swift; sourceTree = "<group>"; };
		1DEB4BA521DBF2A3002F09CF /* ItemDetailsBuilder.swift */ = {isa = PBXFileReference; lastKnownFileType = sourcecode.swift; path = ItemDetailsBuilder.swift; sourceTree = "<group>"; };
		1DEB4BA721DBF2AD002F09CF /* TargetBuilder.swift */ = {isa = PBXFileReference; lastKnownFileType = sourcecode.swift; path = TargetBuilder.swift; sourceTree = "<group>"; };
		1DEB4BAA21DBFC4C002F09CF /* CommonSteps.swift */ = {isa = PBXFileReference; lastKnownFileType = sourcecode.swift; path = CommonSteps.swift; sourceTree = "<group>"; };
		1DEB4BAC21DBFEF6002F09CF /* ItemServiceContractTestBase.swift */ = {isa = PBXFileReference; lastKnownFileType = sourcecode.swift; path = ItemServiceContractTestBase.swift; sourceTree = "<group>"; };
		1DEB4BAF21DC00E8002F09CF /* XCTestExtension.swift */ = {isa = PBXFileReference; lastKnownFileType = sourcecode.swift; path = XCTestExtension.swift; sourceTree = "<group>"; };
		1DEB4BB221E1152B002F09CF /* Clock.swift */ = {isa = PBXFileReference; lastKnownFileType = sourcecode.swift; path = Clock.swift; sourceTree = "<group>"; };
		1DEB4BB421E3892B002F09CF /* NewActivityDto.swift */ = {isa = PBXFileReference; lastKnownFileType = sourcecode.swift; path = NewActivityDto.swift; sourceTree = "<group>"; };
		1DEB4BB621E38A45002F09CF /* ActivityService.swift */ = {isa = PBXFileReference; lastKnownFileType = sourcecode.swift; path = ActivityService.swift; sourceTree = "<group>"; };
		1DEB4BB821E38A99002F09CF /* ActivityServiceImpl.swift */ = {isa = PBXFileReference; lastKnownFileType = sourcecode.swift; path = ActivityServiceImpl.swift; sourceTree = "<group>"; };
		1DEB4BBA21E38B01002F09CF /* ActivityRepository.swift */ = {isa = PBXFileReference; lastKnownFileType = sourcecode.swift; path = ActivityRepository.swift; sourceTree = "<group>"; };
		1DEB4BBC21E38B4E002F09CF /* ActivityRepositoryImpl.swift */ = {isa = PBXFileReference; lastKnownFileType = sourcecode.swift; path = ActivityRepositoryImpl.swift; sourceTree = "<group>"; };
		1DEB4BBE21E3DCAE002F09CF /* ItemSummaryDto.swift */ = {isa = PBXFileReference; lastKnownFileType = sourcecode.swift; path = ItemSummaryDto.swift; sourceTree = "<group>"; };
		1DEB4BC021E3E320002F09CF /* ItemSummaryBuilder.swift */ = {isa = PBXFileReference; lastKnownFileType = sourcecode.swift; path = ItemSummaryBuilder.swift; sourceTree = "<group>"; };
/* End PBXFileReference section */

/* Begin PBXFrameworksBuildPhase section */
		1DB38FFE21B5BFD000C11CD7 /* Frameworks */ = {
			isa = PBXFrameworksBuildPhase;
			buildActionMask = 2147483647;
			files = (
			);
			runOnlyForDeploymentPostprocessing = 0;
		};
		1DB3901521B5BFD200C11CD7 /* Frameworks */ = {
			isa = PBXFrameworksBuildPhase;
			buildActionMask = 2147483647;
			files = (
			);
			runOnlyForDeploymentPostprocessing = 0;
		};
		1DB3902021B5BFD200C11CD7 /* Frameworks */ = {
			isa = PBXFrameworksBuildPhase;
			buildActionMask = 2147483647;
			files = (
			);
			runOnlyForDeploymentPostprocessing = 0;
		};
/* End PBXFrameworksBuildPhase section */

/* Begin PBXGroup section */
		1D49B41821B7FFAC00920CF4 /* uielementbuilders */ = {
			isa = PBXGroup;
			children = (
				1D49B41921B7FFD200920CF4 /* NavBarButtonBuilder.swift */,
				1D49B41B21B7FFFC00920CF4 /* NavigationItemBuilder.swift */,
				1D49B42721B853F800920CF4 /* TextFieldViewBuilder.swift */,
			);
			path = uielementbuilders;
			sourceTree = "<group>";
		};
		1D49B41D21B8003600920CF4 /* enums */ = {
			isa = PBXGroup;
			children = (
				1D49B41E21B8004400920CF4 /* NavBarButtonType.swift */,
			);
			path = enums;
			sourceTree = "<group>";
		};
		1D76F06021BBF80900A53853 /* forms */ = {
			isa = PBXGroup;
			children = (
				1D76F06121BBF81800A53853 /* ItemForm.swift */,
				1D7D37EB21C30041000E3621 /* Form.swift */,
				1DEB4B9B21D93809002F09CF /* TargetForm.swift */,
			);
			path = forms;
			sourceTree = "<group>";
		};
		1D76F06321BC1FEB00A53853 /* tables */ = {
			isa = PBXGroup;
			children = (
				1D76F06D21BC527700A53853 /* CurrentProgressTableView.swift */,
				1D76F06521BC1FF900A53853 /* cells */,
			);
			path = tables;
			sourceTree = "<group>";
		};
		1D76F06421BC1FF100A53853 /* forms */ = {
			isa = PBXGroup;
			children = (
				1D49B41621B7FD3100920CF4 /* NewItemFormView.swift */,
				1DEB4B9721D8C9C0002F09CF /* TargetFormView.swift */,
				1D76F06621BC201B00A53853 /* fields */,
			);
			path = forms;
			sourceTree = "<group>";
		};
		1D76F06521BC1FF900A53853 /* cells */ = {
			isa = PBXGroup;
			children = (
				1DB3903E21B5C37900C11CD7 /* CurrentProgressTableCellView.swift */,
			);
			path = cells;
			sourceTree = "<group>";
		};
		1D76F06621BC201B00A53853 /* fields */ = {
			isa = PBXGroup;
			children = (
				1D49B42421B8510300920CF4 /* TextFieldView.swift */,
				1DEB4B9921D8DF09002F09CF /* TextSelectorFieldView.swift */,
			);
			path = fields;
			sourceTree = "<group>";
		};
		1D7D37D721C05F01000E3621 /* dto */ = {
			isa = PBXGroup;
			children = (
				1D7D37D521C05EE6000E3621 /* ItemDetailsDto.swift */,
				1DEB4BA221D946DB002F09CF /* TargetDto.swift */,
				1DEB4BB421E3892B002F09CF /* NewActivityDto.swift */,
				1DEB4BBE21E3DCAE002F09CF /* ItemSummaryDto.swift */,
			);
			path = dto;
			sourceTree = "<group>";
		};
		1D7D37DB21C06152000E3621 /* implementation */ = {
			isa = PBXGroup;
			children = (
				1D7D37DC21C06164000E3621 /* ItemServiceImpl.swift */,
				1DEB4BB821E38A99002F09CF /* ActivityServiceImpl.swift */,
			);
			path = implementation;
			sourceTree = "<group>";
		};
		1D7D37E021C061EF000E3621 /* implementation */ = {
			isa = PBXGroup;
			children = (
				1D7D37E121C061FD000E3621 /* ItemRepositoryImpl.swift */,
				1DEB4BBC21E38B4E002F09CF /* ActivityRepositoryImpl.swift */,
			);
			path = implementation;
			sourceTree = "<group>";
		};
		1D7D37E321C06299000E3621 /* entities */ = {
			isa = PBXGroup;
			children = (
			);
			path = entities;
			sourceTree = "<group>";
		};
		1D7D37E821C2F31A000E3621 /* enums */ = {
			isa = PBXGroup;
			children = (
				1D7D37E921C2F328000E3621 /* ControllersType.swift */,
			);
			path = enums;
			sourceTree = "<group>";
		};
		1DB38FF821B5BFD000C11CD7 = {
			isa = PBXGroup;
			children = (
				1DB3900321B5BFD000C11CD7 /* countit */,
				1DB3901B21B5BFD200C11CD7 /* countitTests */,
				1DB3902621B5BFD200C11CD7 /* countitUITests */,
				1DB3900221B5BFD000C11CD7 /* Products */,
			);
			sourceTree = "<group>";
		};
		1DB3900221B5BFD000C11CD7 /* Products */ = {
			isa = PBXGroup;
			children = (
				1DB3900121B5BFD000C11CD7 /* countit.app */,
				1DB3901821B5BFD200C11CD7 /* countitTests.xctest */,
				1DB3902321B5BFD200C11CD7 /* countitUITests.xctest */,
			);
			name = Products;
			sourceTree = "<group>";
		};
		1DB3900321B5BFD000C11CD7 /* countit */ = {
			isa = PBXGroup;
			children = (
				1DB3903521B5C05B00C11CD7 /* view */,
				1DB3903721B5C07300C11CD7 /* controller */,
				1DB3903621B5C06A00C11CD7 /* model */,
				1DB3903821B5C07900C11CD7 /* service */,
				1DB3903921B5C08800C11CD7 /* repository */,
				1DEB4BB121E114FF002F09CF /* utils */,
				1DB3900421B5BFD000C11CD7 /* AppDelegate.swift */,
				1DB3900E21B5BFD200C11CD7 /* Assets.xcassets */,
				1DB3901321B5BFD200C11CD7 /* Info.plist */,
				1DB3900B21B5BFD000C11CD7 /* countit.xcdatamodeld */,
				1DEB4B7921CFF98B002F09CF /* CoreDataConfig.swift */,
			);
			path = countit;
			sourceTree = "<group>";
		};
		1DB3901B21B5BFD200C11CD7 /* countitTests */ = {
			isa = PBXGroup;
			children = (
				1DEB4BAE21DC0079002F09CF /* extensions */,
				1DEB4BA921DBFC2F002F09CF /* utils */,
				1DEB4BA421DBF294002F09CF /* builders */,
				1DEB4B8F21D54F1C002F09CF /* config */,
				1DEB4B7D21D0094E002F09CF /* itemservice */,
				1DB3901E21B5BFD200C11CD7 /* Info.plist */,
			);
			path = countitTests;
			sourceTree = "<group>";
		};
		1DB3902621B5BFD200C11CD7 /* countitUITests */ = {
			isa = PBXGroup;
			children = (
				1DEB4B9021D54F2D002F09CF /* config */,
				1DEB4B8E21D54EF0002F09CF /* extensions */,
				1DB3902721B5BFD200C11CD7 /* CreateItems.swift */,
				1DEB4B8421D4FC8B002F09CF /* UpdateItems.swift */,
				1DEB4B8621D4FC9C002F09CF /* DeleteItems.swift */,
				1DEB4B8821D52F4B002F09CF /* SearchItems.swift */,
				1DB3902921B5BFD200C11CD7 /* Info.plist */,
			);
			path = countitUITests;
			sourceTree = "<group>";
		};
		1DB3903521B5C05B00C11CD7 /* view */ = {
			isa = PBXGroup;
			children = (
				1D76F06421BC1FF100A53853 /* forms */,
				1D76F06321BC1FEB00A53853 /* tables */,
				1D49B41821B7FFAC00920CF4 /* uielementbuilders */,
				1D49B41D21B8003600920CF4 /* enums */,
				1DB3904021B6AC2000C11CD7 /* extensions */,
				1D9B8C4321C698AD009427FE /* ViewResolver.swift */,
			);
			path = view;
			sourceTree = "<group>";
		};
		1DB3903621B5C06A00C11CD7 /* model */ = {
			isa = PBXGroup;
			children = (
				1DEB4B9D21D9390D002F09CF /* enums */,
				1D7D37E321C06299000E3621 /* entities */,
				1D7D37D721C05F01000E3621 /* dto */,
				1D76F06021BBF80900A53853 /* forms */,
			);
			path = model;
			sourceTree = "<group>";
		};
		1DB3903721B5C07300C11CD7 /* controller */ = {
			isa = PBXGroup;
			children = (
				1D7D37E821C2F31A000E3621 /* enums */,
				1DB3903C21B5C19600C11CD7 /* ProgressTableController.swift */,
				1D49B41421B7FD1A00920CF4 /* ItemFormController.swift */,
				1D76F06821BC214600A53853 /* FormController.swift */,
				1D76F06F21BC52C800A53853 /* ProgressTableViewDelegate.swift */,
				1D7D37E621C2F2AA000E3621 /* ControllerResolver.swift */,
			);
			path = controller;
			sourceTree = "<group>";
		};
		1DB3903821B5C07900C11CD7 /* service */ = {
			isa = PBXGroup;
			children = (
				1D7D37D321C05E81000E3621 /* ItemService.swift */,
				1DEB4BB621E38A45002F09CF /* ActivityService.swift */,
				1D7D37DB21C06152000E3621 /* implementation */,
			);
			path = service;
			sourceTree = "<group>";
		};
		1DB3903921B5C08800C11CD7 /* repository */ = {
			isa = PBXGroup;
			children = (
				1D7D37DE21C061E3000E3621 /* ItemRepository.swift */,
				1DEB4BBA21E38B01002F09CF /* ActivityRepository.swift */,
				1D7D37E021C061EF000E3621 /* implementation */,
			);
			path = repository;
			sourceTree = "<group>";
		};
		1DB3904021B6AC2000C11CD7 /* extensions */ = {
			isa = PBXGroup;
			children = (
				1DB3904121B6AC3300C11CD7 /* ViewExtensions.swift */,
			);
			path = extensions;
			sourceTree = "<group>";
		};
		1DEB4B7D21D0094E002F09CF /* itemservice */ = {
			isa = PBXGroup;
			children = (
				1DEB4B9221D6700E002F09CF /* performance */,
				1DEB4B9121D67006002F09CF /* contract */,
			);
			path = itemservice;
			sourceTree = "<group>";
		};
		1DEB4B8E21D54EF0002F09CF /* extensions */ = {
			isa = PBXGroup;
			children = (
				1DEB4B8A21D53A5F002F09CF /* XCUIElementExtension.swift */,
				1DEB4B8C21D54EAD002F09CF /* XCTestExtension.swift */,
			);
			path = extensions;
			sourceTree = "<group>";
		};
		1DEB4B8F21D54F1C002F09CF /* config */ = {
			isa = PBXGroup;
			children = (
				1DEB4B7B21CFFB07002F09CF /* TestCoreDataConfig.swift */,
			);
			path = config;
			sourceTree = "<group>";
		};
		1DEB4B9021D54F2D002F09CF /* config */ = {
			isa = PBXGroup;
			children = (
			);
			path = config;
			sourceTree = "<group>";
		};
		1DEB4B9121D67006002F09CF /* contract */ = {
			isa = PBXGroup;
			children = (
				1DB3901C21B5BFD200C11CD7 /* CreateItems.swift */,
				1DEB4B7E21D00982002F09CF /* UpdateItems.swift */,
				1DEB4B8021D00991002F09CF /* ReadItems.swift */,
				1DEB4B8221D009B6002F09CF /* DeleteItems.swift */,
				1DEB4BAC21DBFEF6002F09CF /* ItemServiceContractTestBase.swift */,
			);
			path = contract;
			sourceTree = "<group>";
		};
		1DEB4B9221D6700E002F09CF /* performance */ = {
			isa = PBXGroup;
			children = (
				1DEB4B9521D670AE002F09CF /* ItemServicePerformanceTests.swift */,
			);
			path = performance;
			sourceTree = "<group>";
		};
		1DEB4B9D21D9390D002F09CF /* enums */ = {
			isa = PBXGroup;
			children = (
				1DEB4B9E21D93921002F09CF /* TargetDirection.swift */,
				1DEB4BA021D93972002F09CF /* TargetTimePeriod.swift */,
			);
			path = enums;
			sourceTree = "<group>";
		};
		1DEB4BA421DBF294002F09CF /* builders */ = {
			isa = PBXGroup;
			children = (
				1DEB4BA521DBF2A3002F09CF /* ItemDetailsBuilder.swift */,
				1DEB4BA721DBF2AD002F09CF /* TargetBuilder.swift */,
				1DEB4BC021E3E320002F09CF /* ItemSummaryBuilder.swift */,
			);
			path = builders;
			sourceTree = "<group>";
		};
		1DEB4BA921DBFC2F002F09CF /* utils */ = {
			isa = PBXGroup;
			children = (
				1DEB4BAA21DBFC4C002F09CF /* CommonSteps.swift */,
			);
			path = utils;
			sourceTree = "<group>";
		};
		1DEB4BAE21DC0079002F09CF /* extensions */ = {
			isa = PBXGroup;
			children = (
				1DEB4BAF21DC00E8002F09CF /* XCTestExtension.swift */,
			);
			path = extensions;
			sourceTree = "<group>";
		};
		1DEB4BB121E114FF002F09CF /* utils */ = {
			isa = PBXGroup;
			children = (
				1DEB4BB221E1152B002F09CF /* Clock.swift */,
			);
			path = utils;
			sourceTree = "<group>";
		};
/* End PBXGroup section */

/* Begin PBXNativeTarget section */
		1DB3900021B5BFD000C11CD7 /* countit */ = {
			isa = PBXNativeTarget;
			buildConfigurationList = 1DB3902C21B5BFD200C11CD7 /* Build configuration list for PBXNativeTarget "countit" */;
			buildPhases = (
				1DB38FFD21B5BFD000C11CD7 /* Sources */,
				1DB38FFE21B5BFD000C11CD7 /* Frameworks */,
				1DB38FFF21B5BFD000C11CD7 /* Resources */,
			);
			buildRules = (
			);
			dependencies = (
			);
			name = countit;
			productName = countit;
			productReference = 1DB3900121B5BFD000C11CD7 /* countit.app */;
			productType = "com.apple.product-type.application";
		};
		1DB3901721B5BFD200C11CD7 /* countitTests */ = {
			isa = PBXNativeTarget;
			buildConfigurationList = 1DB3902F21B5BFD200C11CD7 /* Build configuration list for PBXNativeTarget "countitTests" */;
			buildPhases = (
				1DB3901421B5BFD200C11CD7 /* Sources */,
				1DB3901521B5BFD200C11CD7 /* Frameworks */,
				1DB3901621B5BFD200C11CD7 /* Resources */,
			);
			buildRules = (
			);
			dependencies = (
				1DB3901A21B5BFD200C11CD7 /* PBXTargetDependency */,
			);
			name = countitTests;
			productName = countitTests;
			productReference = 1DB3901821B5BFD200C11CD7 /* countitTests.xctest */;
			productType = "com.apple.product-type.bundle.unit-test";
		};
		1DB3902221B5BFD200C11CD7 /* countitUITests */ = {
			isa = PBXNativeTarget;
			buildConfigurationList = 1DB3903221B5BFD200C11CD7 /* Build configuration list for PBXNativeTarget "countitUITests" */;
			buildPhases = (
				1DB3901F21B5BFD200C11CD7 /* Sources */,
				1DB3902021B5BFD200C11CD7 /* Frameworks */,
				1DB3902121B5BFD200C11CD7 /* Resources */,
			);
			buildRules = (
			);
			dependencies = (
				1DB3902521B5BFD200C11CD7 /* PBXTargetDependency */,
			);
			name = countitUITests;
			productName = countitUITests;
			productReference = 1DB3902321B5BFD200C11CD7 /* countitUITests.xctest */;
			productType = "com.apple.product-type.bundle.ui-testing";
		};
/* End PBXNativeTarget section */

/* Begin PBXProject section */
		1DB38FF921B5BFD000C11CD7 /* Project object */ = {
			isa = PBXProject;
			attributes = {
				LastSwiftUpdateCheck = 1010;
				LastUpgradeCheck = 1010;
				ORGANIZATIONNAME = "David Grew";
				TargetAttributes = {
					1DB3900021B5BFD000C11CD7 = {
						CreatedOnToolsVersion = 10.1;
					};
					1DB3901721B5BFD200C11CD7 = {
						CreatedOnToolsVersion = 10.1;
						TestTargetID = 1DB3900021B5BFD000C11CD7;
					};
					1DB3902221B5BFD200C11CD7 = {
						CreatedOnToolsVersion = 10.1;
						TestTargetID = 1DB3900021B5BFD000C11CD7;
					};
				};
			};
			buildConfigurationList = 1DB38FFC21B5BFD000C11CD7 /* Build configuration list for PBXProject "countit" */;
			compatibilityVersion = "Xcode 9.3";
			developmentRegion = en;
			hasScannedForEncodings = 0;
			knownRegions = (
				en,
				Base,
			);
			mainGroup = 1DB38FF821B5BFD000C11CD7;
			productRefGroup = 1DB3900221B5BFD000C11CD7 /* Products */;
			projectDirPath = "";
			projectRoot = "";
			targets = (
				1DB3900021B5BFD000C11CD7 /* countit */,
				1DB3901721B5BFD200C11CD7 /* countitTests */,
				1DB3902221B5BFD200C11CD7 /* countitUITests */,
			);
		};
/* End PBXProject section */

/* Begin PBXResourcesBuildPhase section */
		1DB38FFF21B5BFD000C11CD7 /* Resources */ = {
			isa = PBXResourcesBuildPhase;
			buildActionMask = 2147483647;
			files = (
				1DB3900F21B5BFD200C11CD7 /* Assets.xcassets in Resources */,
			);
			runOnlyForDeploymentPostprocessing = 0;
		};
		1DB3901621B5BFD200C11CD7 /* Resources */ = {
			isa = PBXResourcesBuildPhase;
			buildActionMask = 2147483647;
			files = (
			);
			runOnlyForDeploymentPostprocessing = 0;
		};
		1DB3902121B5BFD200C11CD7 /* Resources */ = {
			isa = PBXResourcesBuildPhase;
			buildActionMask = 2147483647;
			files = (
			);
			runOnlyForDeploymentPostprocessing = 0;
		};
/* End PBXResourcesBuildPhase section */

/* Begin PBXSourcesBuildPhase section */
		1DB38FFD21B5BFD000C11CD7 /* Sources */ = {
			isa = PBXSourcesBuildPhase;
			buildActionMask = 2147483647;
			files = (
				1DEB4BB721E38A45002F09CF /* ActivityService.swift in Sources */,
				1D7D37D421C05E81000E3621 /* ItemService.swift in Sources */,
				1D76F07021BC52C800A53853 /* ProgressTableViewDelegate.swift in Sources */,
				1DEB4B9F21D93921002F09CF /* TargetDirection.swift in Sources */,
				1D9B8C4421C698AD009427FE /* ViewResolver.swift in Sources */,
				1DB3900D21B5BFD000C11CD7 /* countit.xcdatamodeld in Sources */,
				1D7D37EC21C30041000E3621 /* Form.swift in Sources */,
				1DEB4BA321D946DB002F09CF /* TargetDto.swift in Sources */,
				1DEB4BB921E38A99002F09CF /* ActivityServiceImpl.swift in Sources */,
				1D49B42821B853F800920CF4 /* TextFieldViewBuilder.swift in Sources */,
				1DEB4B9C21D93809002F09CF /* TargetForm.swift in Sources */,
				1DEB4BA121D93972002F09CF /* TargetTimePeriod.swift in Sources */,
				1D7D37DF21C061E3000E3621 /* ItemRepository.swift in Sources */,
				1DB3904221B6AC3300C11CD7 /* ViewExtensions.swift in Sources */,
				1DB3903D21B5C19600C11CD7 /* ProgressTableController.swift in Sources */,
				1DEB4BBF21E3DCAE002F09CF /* ItemSummaryDto.swift in Sources */,
				1D7D37EA21C2F328000E3621 /* ControllersType.swift in Sources */,
				1DEB4BBD21E38B4E002F09CF /* ActivityRepositoryImpl.swift in Sources */,
				1D49B41C21B7FFFC00920CF4 /* NavigationItemBuilder.swift in Sources */,
				1DEB4B9A21D8DF09002F09CF /* TextSelectorFieldView.swift in Sources */,
				1D76F06E21BC527700A53853 /* CurrentProgressTableView.swift in Sources */,
				1D7D37DD21C06164000E3621 /* ItemServiceImpl.swift in Sources */,
				1D49B42521B8510300920CF4 /* TextFieldView.swift in Sources */,
				1D7D37D621C05EE6000E3621 /* ItemDetailsDto.swift in Sources */,
				1D7D37E221C061FD000E3621 /* ItemRepositoryImpl.swift in Sources */,
				1DEB4BB321E1152B002F09CF /* Clock.swift in Sources */,
				1D49B41721B7FD3100920CF4 /* NewItemFormView.swift in Sources */,
				1DB3903F21B5C37900C11CD7 /* CurrentProgressTableCellView.swift in Sources */,
				1DB3900521B5BFD000C11CD7 /* AppDelegate.swift in Sources */,
				1D76F06221BBF81800A53853 /* ItemForm.swift in Sources */,
				1DEB4BB521E3892B002F09CF /* NewActivityDto.swift in Sources */,
				1D49B41F21B8004400920CF4 /* NavBarButtonType.swift in Sources */,
				1D49B41521B7FD1A00920CF4 /* ItemFormController.swift in Sources */,
				1D7D37E721C2F2AA000E3621 /* ControllerResolver.swift in Sources */,
				1DEB4BBB21E38B01002F09CF /* ActivityRepository.swift in Sources */,
				1D76F06921BC214600A53853 /* FormController.swift in Sources */,
				1DEB4B9821D8C9C0002F09CF /* TargetFormView.swift in Sources */,
				1D49B41A21B7FFD200920CF4 /* NavBarButtonBuilder.swift in Sources */,
				1DEB4B7A21CFF98B002F09CF /* CoreDataConfig.swift in Sources */,
			);
			runOnlyForDeploymentPostprocessing = 0;
		};
		1DB3901421B5BFD200C11CD7 /* Sources */ = {
			isa = PBXSourcesBuildPhase;
			buildActionMask = 2147483647;
			files = (
				1DEB4B9621D670AE002F09CF /* ItemServicePerformanceTests.swift in Sources */,
				1DEB4BAD21DBFEF6002F09CF /* ItemServiceContractTestBase.swift in Sources */,
				1DEB4BAB21DBFC4C002F09CF /* CommonSteps.swift in Sources */,
				1DEB4BC121E3E320002F09CF /* ItemSummaryBuilder.swift in Sources */,
				1DEB4B8121D00991002F09CF /* ReadItems.swift in Sources */,
				1DEB4BB021DC00E8002F09CF /* XCTestExtension.swift in Sources */,
				1DEB4B7C21CFFB07002F09CF /* TestCoreDataConfig.swift in Sources */,
				1DEB4BA621DBF2A3002F09CF /* ItemDetailsBuilder.swift in Sources */,
				1DEB4BA821DBF2AD002F09CF /* TargetBuilder.swift in Sources */,
				1DEB4B7F21D00982002F09CF /* UpdateItems.swift in Sources */,
				1DB3901D21B5BFD200C11CD7 /* CreateItems.swift in Sources */,
				1DEB4B8321D009B6002F09CF /* DeleteItems.swift in Sources */,
			);
			runOnlyForDeploymentPostprocessing = 0;
		};
		1DB3901F21B5BFD200C11CD7 /* Sources */ = {
			isa = PBXSourcesBuildPhase;
			buildActionMask = 2147483647;
			files = (
				1DEB4B8921D52F4B002F09CF /* SearchItems.swift in Sources */,
				1DEB4B8D21D54EAD002F09CF /* XCTestExtension.swift in Sources */,
				1DEB4B8721D4FC9C002F09CF /* DeleteItems.swift in Sources */,
				1DB3902821B5BFD200C11CD7 /* CreateItems.swift in Sources */,
				1DEB4B8B21D53A5F002F09CF /* XCUIElementExtension.swift in Sources */,
				1DEB4B8521D4FC8B002F09CF /* UpdateItems.swift in Sources */,
			);
			runOnlyForDeploymentPostprocessing = 0;
		};
/* End PBXSourcesBuildPhase section */

/* Begin PBXTargetDependency section */
		1DB3901A21B5BFD200C11CD7 /* PBXTargetDependency */ = {
			isa = PBXTargetDependency;
			target = 1DB3900021B5BFD000C11CD7 /* countit */;
			targetProxy = 1DB3901921B5BFD200C11CD7 /* PBXContainerItemProxy */;
		};
		1DB3902521B5BFD200C11CD7 /* PBXTargetDependency */ = {
			isa = PBXTargetDependency;
			target = 1DB3900021B5BFD000C11CD7 /* countit */;
			targetProxy = 1DB3902421B5BFD200C11CD7 /* PBXContainerItemProxy */;
		};
/* End PBXTargetDependency section */

/* Begin XCBuildConfiguration section */
		1DB3902A21B5BFD200C11CD7 /* Debug */ = {
			isa = XCBuildConfiguration;
			buildSettings = {
				ALWAYS_SEARCH_USER_PATHS = NO;
				CLANG_ANALYZER_NONNULL = YES;
				CLANG_ANALYZER_NUMBER_OBJECT_CONVERSION = YES_AGGRESSIVE;
				CLANG_CXX_LANGUAGE_STANDARD = "gnu++14";
				CLANG_CXX_LIBRARY = "libc++";
				CLANG_ENABLE_MODULES = YES;
				CLANG_ENABLE_OBJC_ARC = YES;
				CLANG_ENABLE_OBJC_WEAK = YES;
				CLANG_WARN_BLOCK_CAPTURE_AUTORELEASING = YES;
				CLANG_WARN_BOOL_CONVERSION = YES;
				CLANG_WARN_COMMA = YES;
				CLANG_WARN_CONSTANT_CONVERSION = YES;
				CLANG_WARN_DEPRECATED_OBJC_IMPLEMENTATIONS = YES;
				CLANG_WARN_DIRECT_OBJC_ISA_USAGE = YES_ERROR;
				CLANG_WARN_DOCUMENTATION_COMMENTS = YES;
				CLANG_WARN_EMPTY_BODY = YES;
				CLANG_WARN_ENUM_CONVERSION = YES;
				CLANG_WARN_INFINITE_RECURSION = YES;
				CLANG_WARN_INT_CONVERSION = YES;
				CLANG_WARN_NON_LITERAL_NULL_CONVERSION = YES;
				CLANG_WARN_OBJC_IMPLICIT_RETAIN_SELF = YES;
				CLANG_WARN_OBJC_LITERAL_CONVERSION = YES;
				CLANG_WARN_OBJC_ROOT_CLASS = YES_ERROR;
				CLANG_WARN_RANGE_LOOP_ANALYSIS = YES;
				CLANG_WARN_STRICT_PROTOTYPES = YES;
				CLANG_WARN_SUSPICIOUS_MOVE = YES;
				CLANG_WARN_UNGUARDED_AVAILABILITY = YES_AGGRESSIVE;
				CLANG_WARN_UNREACHABLE_CODE = YES;
				CLANG_WARN__DUPLICATE_METHOD_MATCH = YES;
				CODE_SIGN_IDENTITY = "iPhone Developer";
				COPY_PHASE_STRIP = NO;
				DEBUG_INFORMATION_FORMAT = dwarf;
				ENABLE_STRICT_OBJC_MSGSEND = YES;
				ENABLE_TESTABILITY = YES;
				GCC_C_LANGUAGE_STANDARD = gnu11;
				GCC_DYNAMIC_NO_PIC = NO;
				GCC_NO_COMMON_BLOCKS = YES;
				GCC_OPTIMIZATION_LEVEL = 0;
				GCC_PREPROCESSOR_DEFINITIONS = (
					"DEBUG=1",
					"$(inherited)",
				);
				GCC_WARN_64_TO_32_BIT_CONVERSION = YES;
				GCC_WARN_ABOUT_RETURN_TYPE = YES_ERROR;
				GCC_WARN_UNDECLARED_SELECTOR = YES;
				GCC_WARN_UNINITIALIZED_AUTOS = YES_AGGRESSIVE;
				GCC_WARN_UNUSED_FUNCTION = YES;
				GCC_WARN_UNUSED_VARIABLE = YES;
				IPHONEOS_DEPLOYMENT_TARGET = 12.1;
				MTL_ENABLE_DEBUG_INFO = INCLUDE_SOURCE;
				MTL_FAST_MATH = YES;
				ONLY_ACTIVE_ARCH = YES;
				SDKROOT = iphoneos;
				SWIFT_ACTIVE_COMPILATION_CONDITIONS = DEBUG;
				SWIFT_OPTIMIZATION_LEVEL = "-Onone";
			};
			name = Debug;
		};
		1DB3902B21B5BFD200C11CD7 /* Release */ = {
			isa = XCBuildConfiguration;
			buildSettings = {
				ALWAYS_SEARCH_USER_PATHS = NO;
				CLANG_ANALYZER_NONNULL = YES;
				CLANG_ANALYZER_NUMBER_OBJECT_CONVERSION = YES_AGGRESSIVE;
				CLANG_CXX_LANGUAGE_STANDARD = "gnu++14";
				CLANG_CXX_LIBRARY = "libc++";
				CLANG_ENABLE_MODULES = YES;
				CLANG_ENABLE_OBJC_ARC = YES;
				CLANG_ENABLE_OBJC_WEAK = YES;
				CLANG_WARN_BLOCK_CAPTURE_AUTORELEASING = YES;
				CLANG_WARN_BOOL_CONVERSION = YES;
				CLANG_WARN_COMMA = YES;
				CLANG_WARN_CONSTANT_CONVERSION = YES;
				CLANG_WARN_DEPRECATED_OBJC_IMPLEMENTATIONS = YES;
				CLANG_WARN_DIRECT_OBJC_ISA_USAGE = YES_ERROR;
				CLANG_WARN_DOCUMENTATION_COMMENTS = YES;
				CLANG_WARN_EMPTY_BODY = YES;
				CLANG_WARN_ENUM_CONVERSION = YES;
				CLANG_WARN_INFINITE_RECURSION = YES;
				CLANG_WARN_INT_CONVERSION = YES;
				CLANG_WARN_NON_LITERAL_NULL_CONVERSION = YES;
				CLANG_WARN_OBJC_IMPLICIT_RETAIN_SELF = YES;
				CLANG_WARN_OBJC_LITERAL_CONVERSION = YES;
				CLANG_WARN_OBJC_ROOT_CLASS = YES_ERROR;
				CLANG_WARN_RANGE_LOOP_ANALYSIS = YES;
				CLANG_WARN_STRICT_PROTOTYPES = YES;
				CLANG_WARN_SUSPICIOUS_MOVE = YES;
				CLANG_WARN_UNGUARDED_AVAILABILITY = YES_AGGRESSIVE;
				CLANG_WARN_UNREACHABLE_CODE = YES;
				CLANG_WARN__DUPLICATE_METHOD_MATCH = YES;
				CODE_SIGN_IDENTITY = "iPhone Developer";
				COPY_PHASE_STRIP = NO;
				DEBUG_INFORMATION_FORMAT = "dwarf-with-dsym";
				ENABLE_NS_ASSERTIONS = NO;
				ENABLE_STRICT_OBJC_MSGSEND = YES;
				GCC_C_LANGUAGE_STANDARD = gnu11;
				GCC_NO_COMMON_BLOCKS = YES;
				GCC_WARN_64_TO_32_BIT_CONVERSION = YES;
				GCC_WARN_ABOUT_RETURN_TYPE = YES_ERROR;
				GCC_WARN_UNDECLARED_SELECTOR = YES;
				GCC_WARN_UNINITIALIZED_AUTOS = YES_AGGRESSIVE;
				GCC_WARN_UNUSED_FUNCTION = YES;
				GCC_WARN_UNUSED_VARIABLE = YES;
				IPHONEOS_DEPLOYMENT_TARGET = 12.1;
				MTL_ENABLE_DEBUG_INFO = NO;
				MTL_FAST_MATH = YES;
				SDKROOT = iphoneos;
				SWIFT_COMPILATION_MODE = wholemodule;
				SWIFT_OPTIMIZATION_LEVEL = "-O";
				VALIDATE_PRODUCT = YES;
			};
			name = Release;
		};
		1DB3902D21B5BFD200C11CD7 /* Debug */ = {
			isa = XCBuildConfiguration;
			buildSettings = {
				ASSETCATALOG_COMPILER_APPICON_NAME = AppIcon;
				CODE_SIGN_STYLE = Automatic;
				DEVELOPMENT_TEAM = E3XM73DHEY;
				INFOPLIST_FILE = countit/Info.plist;
				LD_RUNPATH_SEARCH_PATHS = (
					"$(inherited)",
					"@executable_path/Frameworks",
				);
				PRODUCT_BUNDLE_IDENTIFIER = com.davidgrew.countit;
				PRODUCT_NAME = "$(TARGET_NAME)";
				SWIFT_VERSION = 4.2;
				TARGETED_DEVICE_FAMILY = "1,2";
			};
			name = Debug;
		};
		1DB3902E21B5BFD200C11CD7 /* Release */ = {
			isa = XCBuildConfiguration;
			buildSettings = {
				ASSETCATALOG_COMPILER_APPICON_NAME = AppIcon;
				CODE_SIGN_STYLE = Automatic;
				DEVELOPMENT_TEAM = E3XM73DHEY;
				INFOPLIST_FILE = countit/Info.plist;
				LD_RUNPATH_SEARCH_PATHS = (
					"$(inherited)",
					"@executable_path/Frameworks",
				);
				PRODUCT_BUNDLE_IDENTIFIER = com.davidgrew.countit;
				PRODUCT_NAME = "$(TARGET_NAME)";
				SWIFT_VERSION = 4.2;
				TARGETED_DEVICE_FAMILY = "1,2";
			};
			name = Release;
		};
		1DB3903021B5BFD200C11CD7 /* Debug */ = {
			isa = XCBuildConfiguration;
			buildSettings = {
				ALWAYS_EMBED_SWIFT_STANDARD_LIBRARIES = YES;
				BUNDLE_LOADER = "$(TEST_HOST)";
				CODE_SIGN_STYLE = Automatic;
				DEVELOPMENT_TEAM = E3XM73DHEY;
				INFOPLIST_FILE = countitTests/Info.plist;
				LD_RUNPATH_SEARCH_PATHS = (
					"$(inherited)",
					"@executable_path/Frameworks",
					"@loader_path/Frameworks",
				);
				PRODUCT_BUNDLE_IDENTIFIER = com.davidgrew.countitTests;
				PRODUCT_NAME = "$(TARGET_NAME)";
				SWIFT_VERSION = 4.2;
				TARGETED_DEVICE_FAMILY = "1,2";
				TEST_HOST = "$(BUILT_PRODUCTS_DIR)/countit.app/countit";
			};
			name = Debug;
		};
		1DB3903121B5BFD200C11CD7 /* Release */ = {
			isa = XCBuildConfiguration;
			buildSettings = {
				ALWAYS_EMBED_SWIFT_STANDARD_LIBRARIES = YES;
				BUNDLE_LOADER = "$(TEST_HOST)";
				CODE_SIGN_STYLE = Automatic;
				DEVELOPMENT_TEAM = E3XM73DHEY;
				INFOPLIST_FILE = countitTests/Info.plist;
				LD_RUNPATH_SEARCH_PATHS = (
					"$(inherited)",
					"@executable_path/Frameworks",
					"@loader_path/Frameworks",
				);
				PRODUCT_BUNDLE_IDENTIFIER = com.davidgrew.countitTests;
				PRODUCT_NAME = "$(TARGET_NAME)";
				SWIFT_VERSION = 4.2;
				TARGETED_DEVICE_FAMILY = "1,2";
				TEST_HOST = "$(BUILT_PRODUCTS_DIR)/countit.app/countit";
			};
			name = Release;
		};
		1DB3903321B5BFD200C11CD7 /* Debug */ = {
			isa = XCBuildConfiguration;
			buildSettings = {
				ALWAYS_EMBED_SWIFT_STANDARD_LIBRARIES = YES;
				CODE_SIGN_STYLE = Automatic;
				DEVELOPMENT_TEAM = E3XM73DHEY;
				INFOPLIST_FILE = countitUITests/Info.plist;
				LD_RUNPATH_SEARCH_PATHS = (
					"$(inherited)",
					"@executable_path/Frameworks",
					"@loader_path/Frameworks",
				);
				PRODUCT_BUNDLE_IDENTIFIER = com.davidgrew.countitUITests;
				PRODUCT_NAME = "$(TARGET_NAME)";
				SWIFT_VERSION = 4.2;
				TARGETED_DEVICE_FAMILY = "1,2";
				TEST_TARGET_NAME = countit;
			};
			name = Debug;
		};
		1DB3903421B5BFD200C11CD7 /* Release */ = {
			isa = XCBuildConfiguration;
			buildSettings = {
				ALWAYS_EMBED_SWIFT_STANDARD_LIBRARIES = YES;
				CODE_SIGN_STYLE = Automatic;
				DEVELOPMENT_TEAM = E3XM73DHEY;
				INFOPLIST_FILE = countitUITests/Info.plist;
				LD_RUNPATH_SEARCH_PATHS = (
					"$(inherited)",
					"@executable_path/Frameworks",
					"@loader_path/Frameworks",
				);
				PRODUCT_BUNDLE_IDENTIFIER = com.davidgrew.countitUITests;
				PRODUCT_NAME = "$(TARGET_NAME)";
				SWIFT_VERSION = 4.2;
				TARGETED_DEVICE_FAMILY = "1,2";
				TEST_TARGET_NAME = countit;
			};
			name = Release;
		};
/* End XCBuildConfiguration section */

/* Begin XCConfigurationList section */
		1DB38FFC21B5BFD000C11CD7 /* Build configuration list for PBXProject "countit" */ = {
			isa = XCConfigurationList;
			buildConfigurations = (
				1DB3902A21B5BFD200C11CD7 /* Debug */,
				1DB3902B21B5BFD200C11CD7 /* Release */,
			);
			defaultConfigurationIsVisible = 0;
			defaultConfigurationName = Release;
		};
		1DB3902C21B5BFD200C11CD7 /* Build configuration list for PBXNativeTarget "countit" */ = {
			isa = XCConfigurationList;
			buildConfigurations = (
				1DB3902D21B5BFD200C11CD7 /* Debug */,
				1DB3902E21B5BFD200C11CD7 /* Release */,
			);
			defaultConfigurationIsVisible = 0;
			defaultConfigurationName = Release;
		};
		1DB3902F21B5BFD200C11CD7 /* Build configuration list for PBXNativeTarget "countitTests" */ = {
			isa = XCConfigurationList;
			buildConfigurations = (
				1DB3903021B5BFD200C11CD7 /* Debug */,
				1DB3903121B5BFD200C11CD7 /* Release */,
			);
			defaultConfigurationIsVisible = 0;
			defaultConfigurationName = Release;
		};
		1DB3903221B5BFD200C11CD7 /* Build configuration list for PBXNativeTarget "countitUITests" */ = {
			isa = XCConfigurationList;
			buildConfigurations = (
				1DB3903321B5BFD200C11CD7 /* Debug */,
				1DB3903421B5BFD200C11CD7 /* Release */,
			);
			defaultConfigurationIsVisible = 0;
			defaultConfigurationName = Release;
		};
/* End XCConfigurationList section */

/* Begin XCVersionGroup section */
		1DB3900B21B5BFD000C11CD7 /* countit.xcdatamodeld */ = {
			isa = XCVersionGroup;
			children = (
				1DB3900C21B5BFD000C11CD7 /* countit.xcdatamodel */,
			);
			currentVersion = 1DB3900C21B5BFD000C11CD7 /* countit.xcdatamodel */;
			path = countit.xcdatamodeld;
			sourceTree = "<group>";
			versionGroupType = wrapper.xcdatamodel;
		};
/* End XCVersionGroup section */
	};
	rootObject = 1DB38FF921B5BFD000C11CD7 /* Project object */;
}
