// !$*UTF8*$!
{
	archiveVersion = 1;
	classes = {
	};
	objectVersion = 50;
	objects = {

/* Begin PBXBuildFile section */
		0453CC15F615381322900751 /* Pods_countitTests.framework in Frameworks */ = {isa = PBXBuildFile; fileRef = 7398A5826A458E82557B2FF5 /* Pods_countitTests.framework */; };
		1D1E57092204C5B20081CCE8 /* ItemFormControllerImpl.swift in Sources */ = {isa = PBXBuildFile; fileRef = 1D1E57082204C5B20081CCE8 /* ItemFormControllerImpl.swift */; };
		1D1E570B2204C62A0081CCE8 /* ProgressTableControllerImpl.swift in Sources */ = {isa = PBXBuildFile; fileRef = 1D1E570A2204C62A0081CCE8 /* ProgressTableControllerImpl.swift */; };
		1D1E5712220586B80081CCE8 /* ServiceResolver.swift in Sources */ = {isa = PBXBuildFile; fileRef = 1D1E5711220586B80081CCE8 /* ServiceResolver.swift */; };
		1D1E5716220587BB0081CCE8 /* RepositoryResolver.swift in Sources */ = {isa = PBXBuildFile; fileRef = 1D1E5715220587BB0081CCE8 /* RepositoryResolver.swift */; };
		1D1E571822058AEC0081CCE8 /* AppContainer.swift in Sources */ = {isa = PBXBuildFile; fileRef = 1D1E571722058AEC0081CCE8 /* AppContainer.swift */; };
		1D1E571E220A2B640081CCE8 /* ItemCell.swift in Sources */ = {isa = PBXBuildFile; fileRef = 1D1E571D220A2B640081CCE8 /* ItemCell.swift */; };
		1D1E5721220A32520081CCE8 /* Border.swift in Sources */ = {isa = PBXBuildFile; fileRef = 1D1E5720220A32520081CCE8 /* Border.swift */; };
		1D1E5723220A33B60081CCE8 /* DetailsSection.swift in Sources */ = {isa = PBXBuildFile; fileRef = 1D1E5722220A33B60081CCE8 /* DetailsSection.swift */; };
		1D1E5728220B04D00081CCE8 /* ActionButton.swift in Sources */ = {isa = PBXBuildFile; fileRef = 1D1E5727220B04D00081CCE8 /* ActionButton.swift */; };
		1D1E5731220B057D0081CCE8 /* ItemCellButtonDelegate.swift in Sources */ = {isa = PBXBuildFile; fileRef = 1D1E5730220B057D0081CCE8 /* ItemCellButtonDelegate.swift */; };
		1D1E5735220B08450081CCE8 /* ButtonSection.swift in Sources */ = {isa = PBXBuildFile; fileRef = 1D1E5734220B08450081CCE8 /* ButtonSection.swift */; };
		1D27FBB8220CE3E400F8789B /* ProgressSection.swift in Sources */ = {isa = PBXBuildFile; fileRef = 1D27FBB7220CE3E400F8789B /* ProgressSection.swift */; };
		1D27FBBC220EFA8100F8789B /* Separator.swift in Sources */ = {isa = PBXBuildFile; fileRef = 1D27FBBB220EFA8100F8789B /* Separator.swift */; };
		1D27FBC2220F040300F8789B /* GTProgressBarBuilder.swift in Sources */ = {isa = PBXBuildFile; fileRef = 1D27FBC1220F040300F8789B /* GTProgressBarBuilder.swift */; };
		1D27FBC4220F04F300F8789B /* ProgressColor.swift in Sources */ = {isa = PBXBuildFile; fileRef = 1D27FBC3220F04F300F8789B /* ProgressColor.swift */; };
		1D27FBC7220F12FE00F8789B /* ProgressDelegate.swift in Sources */ = {isa = PBXBuildFile; fileRef = 1D27FBC6220F12FE00F8789B /* ProgressDelegate.swift */; };
		1D27FBC9220F437E00F8789B /* ItemCellState.swift in Sources */ = {isa = PBXBuildFile; fileRef = 1D27FBC8220F437E00F8789B /* ItemCellState.swift */; };
		1D49B41521B7FD1A00920CF4 /* ItemFormController.swift in Sources */ = {isa = PBXBuildFile; fileRef = 1D49B41421B7FD1A00920CF4 /* ItemFormController.swift */; };
		1D49B41A21B7FFD200920CF4 /* NavBarButtonBuilder.swift in Sources */ = {isa = PBXBuildFile; fileRef = 1D49B41921B7FFD200920CF4 /* NavBarButtonBuilder.swift */; };
		1D49B41C21B7FFFC00920CF4 /* NavigationItemBuilder.swift in Sources */ = {isa = PBXBuildFile; fileRef = 1D49B41B21B7FFFC00920CF4 /* NavigationItemBuilder.swift */; };
		1D49B41F21B8004400920CF4 /* NavBarButtonType.swift in Sources */ = {isa = PBXBuildFile; fileRef = 1D49B41E21B8004400920CF4 /* NavBarButtonType.swift */; };
		1D640C29223E79CB002618D5 /* RecordActivity.swift in Sources */ = {isa = PBXBuildFile; fileRef = 1D640C28223E79CB002618D5 /* RecordActivity.swift */; };
		1D640C2B223E7D13002618D5 /* UITestBaseRecordActivityFormSteps.swift in Sources */ = {isa = PBXBuildFile; fileRef = 1D640C2A223E7D13002618D5 /* UITestBaseRecordActivityFormSteps.swift */; };
		1D640C302242E15B002618D5 /* KeyboardResponder.swift in Sources */ = {isa = PBXBuildFile; fileRef = 1D640C2F2242E15B002618D5 /* KeyboardResponder.swift */; };
		1D692D8A22370716003FC0CE /* UIButtonBuilder.swift in Sources */ = {isa = PBXBuildFile; fileRef = 1D692D8922370716003FC0CE /* UIButtonBuilder.swift */; };
		1D692D8C2237D84C003FC0CE /* RecordActivityFormController.swift in Sources */ = {isa = PBXBuildFile; fileRef = 1D692D8B2237D84C003FC0CE /* RecordActivityFormController.swift */; };
		1D692D8E2237D872003FC0CE /* RecordActivityFormControllerImpl.swift in Sources */ = {isa = PBXBuildFile; fileRef = 1D692D8D2237D872003FC0CE /* RecordActivityFormControllerImpl.swift */; };
		1D692D912237DB2F003FC0CE /* FormBase.swift in Sources */ = {isa = PBXBuildFile; fileRef = 1D692D902237DB2F003FC0CE /* FormBase.swift */; };
		1D692D932237DCAC003FC0CE /* FormFields.swift in Sources */ = {isa = PBXBuildFile; fileRef = 1D692D922237DCAC003FC0CE /* FormFields.swift */; };
		1D76F06E21BC527700A53853 /* ProgressTableView.swift in Sources */ = {isa = PBXBuildFile; fileRef = 1D76F06D21BC527700A53853 /* ProgressTableView.swift */; };
		1D7D37D421C05E81000E3621 /* ItemService.swift in Sources */ = {isa = PBXBuildFile; fileRef = 1D7D37D321C05E81000E3621 /* ItemService.swift */; };
		1D7D37D621C05EE6000E3621 /* ItemDetailsDto.swift in Sources */ = {isa = PBXBuildFile; fileRef = 1D7D37D521C05EE6000E3621 /* ItemDetailsDto.swift */; };
		1D7D37DD21C06164000E3621 /* ItemServiceImpl.swift in Sources */ = {isa = PBXBuildFile; fileRef = 1D7D37DC21C06164000E3621 /* ItemServiceImpl.swift */; };
		1D7D37DF21C061E3000E3621 /* ItemRepository.swift in Sources */ = {isa = PBXBuildFile; fileRef = 1D7D37DE21C061E3000E3621 /* ItemRepository.swift */; };
		1D7D37E221C061FD000E3621 /* ItemRepositoryImpl.swift in Sources */ = {isa = PBXBuildFile; fileRef = 1D7D37E121C061FD000E3621 /* ItemRepositoryImpl.swift */; };
		1D7D37E721C2F2AA000E3621 /* ControllerResolver.swift in Sources */ = {isa = PBXBuildFile; fileRef = 1D7D37E621C2F2AA000E3621 /* ControllerResolver.swift */; };
		1D886AA222101FE200C002C2 /* ItemUpdateDto.swift in Sources */ = {isa = PBXBuildFile; fileRef = 1D886AA122101FE200C002C2 /* ItemUpdateDto.swift */; };
		1D886AA42210574B00C002C2 /* EmptyItemListCell.swift in Sources */ = {isa = PBXBuildFile; fileRef = 1D886AA32210574B00C002C2 /* EmptyItemListCell.swift */; };
		1D886AA62212FF3300C002C2 /* UserDefaultsImpl.swift in Sources */ = {isa = PBXBuildFile; fileRef = 1D886AA52212FF3300C002C2 /* UserDefaultsImpl.swift */; };
		1D886AA8221ADCE100C002C2 /* ProgressService.swift in Sources */ = {isa = PBXBuildFile; fileRef = 1D886AA7221ADCE100C002C2 /* ProgressService.swift */; };
		1D886AAB221ADE0B00C002C2 /* ActivityPeriodSummaryDto.swift in Sources */ = {isa = PBXBuildFile; fileRef = 1D886AAA221ADE0B00C002C2 /* ActivityPeriodSummaryDto.swift */; };
		1D886AAD221ADEA000C002C2 /* ProgressServiceImpl.swift in Sources */ = {isa = PBXBuildFile; fileRef = 1D886AAC221ADEA000C002C2 /* ProgressServiceImpl.swift */; };
		1D886AB1221B2D9900C002C2 /* ProgressServiceTestBase.swift in Sources */ = {isa = PBXBuildFile; fileRef = 1D886AB0221B2D9900C002C2 /* ProgressServiceTestBase.swift */; };
		1D9C9CF922384EF50096770D /* RecordActivityFormView.swift in Sources */ = {isa = PBXBuildFile; fileRef = 1D9C9CF822384EF50096770D /* RecordActivityFormView.swift */; };
		1D9C9CFB223855AC0096770D /* DatePickerCell.swift in Sources */ = {isa = PBXBuildFile; fileRef = 1D9C9CFA223855AC0096770D /* DatePickerCell.swift */; };
		1D9D329E22043988007C675F /* ButtonCell.swift in Sources */ = {isa = PBXBuildFile; fileRef = 1D9D329D22043988007C675F /* ButtonCell.swift */; };
		1D9D32A022044EEE007C675F /* ActivityHistoryController.swift in Sources */ = {isa = PBXBuildFile; fileRef = 1D9D329F22044EEE007C675F /* ActivityHistoryController.swift */; };
		1D9D32A222044FEB007C675F /* ActivityRecordDto.swift in Sources */ = {isa = PBXBuildFile; fileRef = 1D9D32A122044FEB007C675F /* ActivityRecordDto.swift */; };
		1D9D32A6220450FF007C675F /* ActivityHistoryDto.swift in Sources */ = {isa = PBXBuildFile; fileRef = 1D9D32A5220450FF007C675F /* ActivityHistoryDto.swift */; };
		1D9D32A82204526F007C675F /* ActivityRecordCell.swift in Sources */ = {isa = PBXBuildFile; fileRef = 1D9D32A72204526F007C675F /* ActivityRecordCell.swift */; };
		1D9D32AA22045472007C675F /* ActivityHistoryControllerImpl.swift in Sources */ = {isa = PBXBuildFile; fileRef = 1D9D32A922045472007C675F /* ActivityHistoryControllerImpl.swift */; };
		1D9D32AC2204B0A5007C675F /* ActivityHistoryView.swift in Sources */ = {isa = PBXBuildFile; fileRef = 1D9D32AB2204B0A5007C675F /* ActivityHistoryView.swift */; };
		1D9D32AE2204B457007C675F /* ActivityHistory.swift in Sources */ = {isa = PBXBuildFile; fileRef = 1D9D32AD2204B457007C675F /* ActivityHistory.swift */; };
		1D9D32B02204BD4E007C675F /* UITestBaseActivityHistorySteps.swift in Sources */ = {isa = PBXBuildFile; fileRef = 1D9D32AF2204BD4E007C675F /* UITestBaseActivityHistorySteps.swift */; };
		1DB3900521B5BFD000C11CD7 /* AppDelegate.swift in Sources */ = {isa = PBXBuildFile; fileRef = 1DB3900421B5BFD000C11CD7 /* AppDelegate.swift */; };
		1DB3900D21B5BFD000C11CD7 /* countit.xcdatamodeld in Sources */ = {isa = PBXBuildFile; fileRef = 1DB3900B21B5BFD000C11CD7 /* countit.xcdatamodeld */; };
		1DB3900F21B5BFD200C11CD7 /* Assets.xcassets in Resources */ = {isa = PBXBuildFile; fileRef = 1DB3900E21B5BFD200C11CD7 /* Assets.xcassets */; };
		1DB3901D21B5BFD200C11CD7 /* CreateItems.swift in Sources */ = {isa = PBXBuildFile; fileRef = 1DB3901C21B5BFD200C11CD7 /* CreateItems.swift */; };
		1DB3902821B5BFD200C11CD7 /* CreateItems.swift in Sources */ = {isa = PBXBuildFile; fileRef = 1DB3902721B5BFD200C11CD7 /* CreateItems.swift */; };
		1DB3903D21B5C19600C11CD7 /* ProgressTableController.swift in Sources */ = {isa = PBXBuildFile; fileRef = 1DB3903C21B5C19600C11CD7 /* ProgressTableController.swift */; };
		1DB3904221B6AC3300C11CD7 /* ViewExtensions.swift in Sources */ = {isa = PBXBuildFile; fileRef = 1DB3904121B6AC3300C11CD7 /* ViewExtensions.swift */; };
		1DD1581A221C936E00B95C9C /* TimeCalculations.swift in Sources */ = {isa = PBXBuildFile; fileRef = 1DD15819221C936E00B95C9C /* TimeCalculations.swift */; };
		1DEB4B7A21CFF98B002F09CF /* CoreDataConfig.swift in Sources */ = {isa = PBXBuildFile; fileRef = 1DEB4B7921CFF98B002F09CF /* CoreDataConfig.swift */; };
		1DEB4B7C21CFFB07002F09CF /* TestCoreDataConfig.swift in Sources */ = {isa = PBXBuildFile; fileRef = 1DEB4B7B21CFFB07002F09CF /* TestCoreDataConfig.swift */; };
		1DEB4B7F21D00982002F09CF /* UpdateItems.swift in Sources */ = {isa = PBXBuildFile; fileRef = 1DEB4B7E21D00982002F09CF /* UpdateItems.swift */; };
		1DEB4B8121D00991002F09CF /* ReadItems.swift in Sources */ = {isa = PBXBuildFile; fileRef = 1DEB4B8021D00991002F09CF /* ReadItems.swift */; };
		1DEB4B8321D009B6002F09CF /* DeleteItems.swift in Sources */ = {isa = PBXBuildFile; fileRef = 1DEB4B8221D009B6002F09CF /* DeleteItems.swift */; };
		1DEB4B8521D4FC8B002F09CF /* UpdateItems.swift in Sources */ = {isa = PBXBuildFile; fileRef = 1DEB4B8421D4FC8B002F09CF /* UpdateItems.swift */; };
		1DEB4B8721D4FC9C002F09CF /* DeleteItems.swift in Sources */ = {isa = PBXBuildFile; fileRef = 1DEB4B8621D4FC9C002F09CF /* DeleteItems.swift */; };
		1DEB4B8921D52F4B002F09CF /* UserInstructions.swift in Sources */ = {isa = PBXBuildFile; fileRef = 1DEB4B8821D52F4B002F09CF /* UserInstructions.swift */; };
		1DEB4B8B21D53A5F002F09CF /* XCUIElementExtension.swift in Sources */ = {isa = PBXBuildFile; fileRef = 1DEB4B8A21D53A5F002F09CF /* XCUIElementExtension.swift */; };
		1DEB4B9F21D93921002F09CF /* TargetDirection.swift in Sources */ = {isa = PBXBuildFile; fileRef = 1DEB4B9E21D93921002F09CF /* TargetDirection.swift */; };
		1DEB4BA121D93972002F09CF /* TargetTimePeriod.swift in Sources */ = {isa = PBXBuildFile; fileRef = 1DEB4BA021D93972002F09CF /* TargetTimePeriod.swift */; };
		1DEB4BA321D946DB002F09CF /* TargetDto.swift in Sources */ = {isa = PBXBuildFile; fileRef = 1DEB4BA221D946DB002F09CF /* TargetDto.swift */; };
		1DEB4BA621DBF2A3002F09CF /* ItemUpdateBuilder.swift in Sources */ = {isa = PBXBuildFile; fileRef = 1DEB4BA521DBF2A3002F09CF /* ItemUpdateBuilder.swift */; };
		1DEB4BA821DBF2AD002F09CF /* TargetBuilder.swift in Sources */ = {isa = PBXBuildFile; fileRef = 1DEB4BA721DBF2AD002F09CF /* TargetBuilder.swift */; };
		1DEB4BAB21DBFC4C002F09CF /* ServiceConfig.swift in Sources */ = {isa = PBXBuildFile; fileRef = 1DEB4BAA21DBFC4C002F09CF /* ServiceConfig.swift */; };
		1DEB4BAD21DBFEF6002F09CF /* ItemServiceContractTestBase.swift in Sources */ = {isa = PBXBuildFile; fileRef = 1DEB4BAC21DBFEF6002F09CF /* ItemServiceContractTestBase.swift */; };
		1DEB4BB021DC00E8002F09CF /* XCTestExtension.swift in Sources */ = {isa = PBXBuildFile; fileRef = 1DEB4BAF21DC00E8002F09CF /* XCTestExtension.swift */; };
		1DEB4BB321E1152B002F09CF /* Clock.swift in Sources */ = {isa = PBXBuildFile; fileRef = 1DEB4BB221E1152B002F09CF /* Clock.swift */; };
		1DEB4BB521E3892B002F09CF /* ActivityUpdateDto.swift in Sources */ = {isa = PBXBuildFile; fileRef = 1DEB4BB421E3892B002F09CF /* ActivityUpdateDto.swift */; };
		1DEB4BB721E38A45002F09CF /* ActivityService.swift in Sources */ = {isa = PBXBuildFile; fileRef = 1DEB4BB621E38A45002F09CF /* ActivityService.swift */; };
		1DEB4BB921E38A99002F09CF /* ActivityServiceImpl.swift in Sources */ = {isa = PBXBuildFile; fileRef = 1DEB4BB821E38A99002F09CF /* ActivityServiceImpl.swift */; };
		1DEB4BBB21E38B01002F09CF /* ActivityRepository.swift in Sources */ = {isa = PBXBuildFile; fileRef = 1DEB4BBA21E38B01002F09CF /* ActivityRepository.swift */; };
		1DEB4BBD21E38B4E002F09CF /* ActivityRepositoryImpl.swift in Sources */ = {isa = PBXBuildFile; fileRef = 1DEB4BBC21E38B4E002F09CF /* ActivityRepositoryImpl.swift */; };
		1DEB4BBF21E3DCAE002F09CF /* ItemProgressSummaryDto.swift in Sources */ = {isa = PBXBuildFile; fileRef = 1DEB4BBE21E3DCAE002F09CF /* ItemProgressSummaryDto.swift */; };
		1DEB4BC321E78ED8002F09CF /* PlusOne.swift in Sources */ = {isa = PBXBuildFile; fileRef = 1DEB4BC221E78ED8002F09CF /* PlusOne.swift */; };
		1DEB4BC521E78F44002F09CF /* AccessibilityIdentifiers.swift in Sources */ = {isa = PBXBuildFile; fileRef = 1DEB4BC421E78F44002F09CF /* AccessibilityIdentifiers.swift */; };
		1DEB4BC721E7926C002F09CF /* UITestBase.swift in Sources */ = {isa = PBXBuildFile; fileRef = 1DEB4BC621E7926C002F09CF /* UITestBase.swift */; };
		1DEB4BC921E794DB002F09CF /* AccessibilityIdentifiers.swift in Sources */ = {isa = PBXBuildFile; fileRef = 1DEB4BC821E794DB002F09CF /* AccessibilityIdentifiers.swift */; };
		1DF653DA21ECBAD700AA65C3 /* UITestBaseAssertions.swift in Sources */ = {isa = PBXBuildFile; fileRef = 1DF653D921ECBAD700AA65C3 /* UITestBaseAssertions.swift */; };
		1DF653DC21ECBCC300AA65C3 /* UITestBaseItemTableSteps.swift in Sources */ = {isa = PBXBuildFile; fileRef = 1DF653DB21ECBCC300AA65C3 /* UITestBaseItemTableSteps.swift */; };
		1DF653DE21ECBCD400AA65C3 /* UITestBaseItemFormSteps.swift in Sources */ = {isa = PBXBuildFile; fileRef = 1DF653DD21ECBCD400AA65C3 /* UITestBaseItemFormSteps.swift */; };
		1DF653E221EFD40D00AA65C3 /* TestClock.swift in Sources */ = {isa = PBXBuildFile; fileRef = 1DF653E121EFD40D00AA65C3 /* TestClock.swift */; };
		1DF653E621EFD56300AA65C3 /* ActivityServiceTestBase.swift in Sources */ = {isa = PBXBuildFile; fileRef = 1DF653E521EFD56300AA65C3 /* ActivityServiceTestBase.swift */; };
		1DF653EA21F12DE000AA65C3 /* ActivityCalculations.swift in Sources */ = {isa = PBXBuildFile; fileRef = 1DF653E921F12DE000AA65C3 /* ActivityCalculations.swift */; };
		1DF653EC21F12F3C00AA65C3 /* AddDeleteActivity.swift in Sources */ = {isa = PBXBuildFile; fileRef = 1DF653EB21F12F3C00AA65C3 /* AddDeleteActivity.swift */; };
		1DF653EE21FE276700AA65C3 /* FormOptionSelectorController.swift in Sources */ = {isa = PBXBuildFile; fileRef = 1DF653ED21FE276700AA65C3 /* FormOptionSelectorController.swift */; };
		1DF653F021FE344400AA65C3 /* FormOptionSelectorView.swift in Sources */ = {isa = PBXBuildFile; fileRef = 1DF653EF21FE344400AA65C3 /* FormOptionSelectorView.swift */; };
		1DF653F221FE371400AA65C3 /* FormOptionSelectorCell.swif.swift in Sources */ = {isa = PBXBuildFile; fileRef = 1DF653F121FE371400AA65C3 /* FormOptionSelectorCell.swif.swift */; };
		1DF653F421FE429000AA65C3 /* Colors.swift in Sources */ = {isa = PBXBuildFile; fileRef = 1DF653F321FE429000AA65C3 /* Colors.swift */; };
		1DF653F621FE432E00AA65C3 /* PrimaryNavigationController.swift in Sources */ = {isa = PBXBuildFile; fileRef = 1DF653F521FE432E00AA65C3 /* PrimaryNavigationController.swift */; };
		1DF653FA21FF7C9000AA65C3 /* TextEntryFormCell.swift in Sources */ = {isa = PBXBuildFile; fileRef = 1DF653F921FF7C9000AA65C3 /* TextEntryFormCell.swift */; };
		1DF653FC21FF7CB000AA65C3 /* FormOptionDisplayCell.swift in Sources */ = {isa = PBXBuildFile; fileRef = 1DF653FB21FF7CB000AA65C3 /* FormOptionDisplayCell.swift */; };
		1DF653FE21FF951500AA65C3 /* FormCellDelegate.swift in Sources */ = {isa = PBXBuildFile; fileRef = 1DF653FD21FF951500AA65C3 /* FormCellDelegate.swift */; };
		1DF6540021FF956600AA65C3 /* FormCell.swift in Sources */ = {isa = PBXBuildFile; fileRef = 1DF653FF21FF956600AA65C3 /* FormCell.swift */; };
		1DF6540221FFB56700AA65C3 /* ItemFormView.swift in Sources */ = {isa = PBXBuildFile; fileRef = 1DF6540121FFB56700AA65C3 /* ItemFormView.swift */; };
		1DFB0B052220760D0009959B /* Message.swift in Sources */ = {isa = PBXBuildFile; fileRef = 1DFB0B042220760D0009959B /* Message.swift */; };
		1DFB0B07222078240009959B /* MessageBroker.swift in Sources */ = {isa = PBXBuildFile; fileRef = 1DFB0B06222078240009959B /* MessageBroker.swift */; };
		1DFB0B09222079100009959B /* MessageBrokerNcImpl.swift in Sources */ = {isa = PBXBuildFile; fileRef = 1DFB0B08222079100009959B /* MessageBrokerNcImpl.swift */; };
		1DFB0B0B2220793E0009959B /* MessageListener.swift in Sources */ = {isa = PBXBuildFile; fileRef = 1DFB0B0A2220793E0009959B /* MessageListener.swift */; };
		1DFB0B0D22207CD40009959B /* UserInstructionService.swift in Sources */ = {isa = PBXBuildFile; fileRef = 1DFB0B0C22207CD40009959B /* UserInstructionService.swift */; };
		1DFB0B0F22207CF10009959B /* UserInstructionServiceImpl.swift in Sources */ = {isa = PBXBuildFile; fileRef = 1DFB0B0E22207CF10009959B /* UserInstructionServiceImpl.swift */; };
		1DFB0B1122215DA80009959B /* Properties.swift in Sources */ = {isa = PBXBuildFile; fileRef = 1DFB0B1022215DA80009959B /* Properties.swift */; };
		1DFB0B17222161DE0009959B /* TestProperties.swift in Sources */ = {isa = PBXBuildFile; fileRef = 1DFB0B16222161DE0009959B /* TestProperties.swift */; };
		1DFB0B192221674A0009959B /* TestProperties.swift in Sources */ = {isa = PBXBuildFile; fileRef = 1DFB0B182221674A0009959B /* TestProperties.swift */; };
		93D53C87420576BE4227D486 /* Pods_countitUITests.framework in Frameworks */ = {isa = PBXBuildFile; fileRef = 4B858F6F70E8087F74BC5551 /* Pods_countitUITests.framework */; };
		BA0045E4D698F54BF4A79C97 /* Pods_countit.framework in Frameworks */ = {isa = PBXBuildFile; fileRef = 2FB6459C799994A5979FF6CF /* Pods_countit.framework */; };
/* End PBXBuildFile section */

/* Begin PBXContainerItemProxy section */
		1DB3901921B5BFD200C11CD7 /* PBXContainerItemProxy */ = {
			isa = PBXContainerItemProxy;
			containerPortal = 1DB38FF921B5BFD000C11CD7 /* Project object */;
			proxyType = 1;
			remoteGlobalIDString = 1DB3900021B5BFD000C11CD7;
			remoteInfo = countit;
		};
		1DB3902421B5BFD200C11CD7 /* PBXContainerItemProxy */ = {
			isa = PBXContainerItemProxy;
			containerPortal = 1DB38FF921B5BFD000C11CD7 /* Project object */;
			proxyType = 1;
			remoteGlobalIDString = 1DB3900021B5BFD000C11CD7;
			remoteInfo = countit;
		};
/* End PBXContainerItemProxy section */

/* Begin PBXFileReference section */
		1D1E57082204C5B20081CCE8 /* ItemFormControllerImpl.swift */ = {isa = PBXFileReference; lastKnownFileType = sourcecode.swift; name = ItemFormControllerImpl.swift; path = countit/controller/pages/implementations/ItemFormControllerImpl.swift; sourceTree = SOURCE_ROOT; };
		1D1E570A2204C62A0081CCE8 /* ProgressTableControllerImpl.swift */ = {isa = PBXFileReference; lastKnownFileType = sourcecode.swift; name = ProgressTableControllerImpl.swift; path = countit/controller/pages/implementations/ProgressTableControllerImpl.swift; sourceTree = SOURCE_ROOT; };
		1D1E5711220586B80081CCE8 /* ServiceResolver.swift */ = {isa = PBXFileReference; lastKnownFileType = sourcecode.swift; path = ServiceResolver.swift; sourceTree = "<group>"; };
		1D1E5715220587BB0081CCE8 /* RepositoryResolver.swift */ = {isa = PBXFileReference; lastKnownFileType = sourcecode.swift; path = RepositoryResolver.swift; sourceTree = "<group>"; };
		1D1E571722058AEC0081CCE8 /* AppContainer.swift */ = {isa = PBXFileReference; lastKnownFileType = sourcecode.swift; path = AppContainer.swift; sourceTree = "<group>"; };
		1D1E571D220A2B640081CCE8 /* ItemCell.swift */ = {isa = PBXFileReference; lastKnownFileType = sourcecode.swift; name = ItemCell.swift; path = countit/View/Tables/Cells/ItemCell.swift; sourceTree = SOURCE_ROOT; };
		1D1E5720220A32520081CCE8 /* Border.swift */ = {isa = PBXFileReference; lastKnownFileType = sourcecode.swift; name = Border.swift; path = countit/view/tables/cells/itemcellcomponents/elements/Border.swift; sourceTree = SOURCE_ROOT; };
		1D1E5722220A33B60081CCE8 /* DetailsSection.swift */ = {isa = PBXFileReference; lastKnownFileType = sourcecode.swift; name = DetailsSection.swift; path = countit/view/tables/cells/itemcellcomponents/sections/DetailsSection.swift; sourceTree = SOURCE_ROOT; };
		1D1E5727220B04D00081CCE8 /* ActionButton.swift */ = {isa = PBXFileReference; lastKnownFileType = sourcecode.swift; name = ActionButton.swift; path = countit/view/tables/cells/itemcellcomponents/elements/ActionButton.swift; sourceTree = SOURCE_ROOT; };
		1D1E5730220B057D0081CCE8 /* ItemCellButtonDelegate.swift */ = {isa = PBXFileReference; lastKnownFileType = sourcecode.swift; name = ItemCellButtonDelegate.swift; path = countit/view/tables/cells/itemcellcomponents/protocols/ItemCellButtonDelegate.swift; sourceTree = SOURCE_ROOT; };
		1D1E5734220B08450081CCE8 /* ButtonSection.swift */ = {isa = PBXFileReference; lastKnownFileType = sourcecode.swift; name = ButtonSection.swift; path = countit/view/tables/cells/itemcellcomponents/sections/ButtonSection.swift; sourceTree = SOURCE_ROOT; };
		1D27FBB7220CE3E400F8789B /* ProgressSection.swift */ = {isa = PBXFileReference; lastKnownFileType = sourcecode.swift; name = ProgressSection.swift; path = countit/view/tables/cells/itemcellcomponents/sections/ProgressSection.swift; sourceTree = SOURCE_ROOT; };
		1D27FBBB220EFA8100F8789B /* Separator.swift */ = {isa = PBXFileReference; lastKnownFileType = sourcecode.swift; name = Separator.swift; path = countit/view/tables/cells/itemcellcomponents/elements/Separator.swift; sourceTree = SOURCE_ROOT; };
		1D27FBC1220F040300F8789B /* GTProgressBarBuilder.swift */ = {isa = PBXFileReference; lastKnownFileType = sourcecode.swift; name = GTProgressBarBuilder.swift; path = countit/View/UIElementBuilders/GTProgressBarBuilder.swift; sourceTree = SOURCE_ROOT; };
		1D27FBC3220F04F300F8789B /* ProgressColor.swift */ = {isa = PBXFileReference; lastKnownFileType = sourcecode.swift; name = ProgressColor.swift; path = countit/View/Enums/ProgressColor.swift; sourceTree = SOURCE_ROOT; };
		1D27FBC6220F12FE00F8789B /* ProgressDelegate.swift */ = {isa = PBXFileReference; lastKnownFileType = sourcecode.swift; name = ProgressDelegate.swift; path = countit/View/Tables/Cells/itemcellcomponents/delegates/ProgressDelegate.swift; sourceTree = SOURCE_ROOT; };
		1D27FBC8220F437E00F8789B /* ItemCellState.swift */ = {isa = PBXFileReference; lastKnownFileType = sourcecode.swift; name = ItemCellState.swift; path = countit/View/Enums/ItemCellState.swift; sourceTree = SOURCE_ROOT; };
		1D49B41421B7FD1A00920CF4 /* ItemFormController.swift */ = {isa = PBXFileReference; lastKnownFileType = sourcecode.swift; path = ItemFormController.swift; sourceTree = "<group>"; };
		1D49B41921B7FFD200920CF4 /* NavBarButtonBuilder.swift */ = {isa = PBXFileReference; lastKnownFileType = sourcecode.swift; path = NavBarButtonBuilder.swift; sourceTree = "<group>"; };
		1D49B41B21B7FFFC00920CF4 /* NavigationItemBuilder.swift */ = {isa = PBXFileReference; lastKnownFileType = sourcecode.swift; path = NavigationItemBuilder.swift; sourceTree = "<group>"; };
		1D49B41E21B8004400920CF4 /* NavBarButtonType.swift */ = {isa = PBXFileReference; lastKnownFileType = sourcecode.swift; path = NavBarButtonType.swift; sourceTree = "<group>"; };
		1D640C28223E79CB002618D5 /* RecordActivity.swift */ = {isa = PBXFileReference; lastKnownFileType = sourcecode.swift; path = RecordActivity.swift; sourceTree = "<group>"; };
		1D640C2A223E7D13002618D5 /* UITestBaseRecordActivityFormSteps.swift */ = {isa = PBXFileReference; lastKnownFileType = sourcecode.swift; path = UITestBaseRecordActivityFormSteps.swift; sourceTree = "<group>"; };
		1D640C2F2242E15B002618D5 /* KeyboardResponder.swift */ = {isa = PBXFileReference; lastKnownFileType = sourcecode.swift; path = KeyboardResponder.swift; sourceTree = "<group>"; };
		1D692D8922370716003FC0CE /* UIButtonBuilder.swift */ = {isa = PBXFileReference; lastKnownFileType = sourcecode.swift; name = UIButtonBuilder.swift; path = countit/View/UIElementBuilders/UIButtonBuilder.swift; sourceTree = SOURCE_ROOT; };
		1D692D8B2237D84C003FC0CE /* RecordActivityFormController.swift */ = {isa = PBXFileReference; lastKnownFileType = sourcecode.swift; path = RecordActivityFormController.swift; sourceTree = "<group>"; };
		1D692D8D2237D872003FC0CE /* RecordActivityFormControllerImpl.swift */ = {isa = PBXFileReference; lastKnownFileType = sourcecode.swift; path = RecordActivityFormControllerImpl.swift; sourceTree = "<group>"; };
		1D692D902237DB2F003FC0CE /* FormBase.swift */ = {isa = PBXFileReference; lastKnownFileType = sourcecode.swift; path = FormBase.swift; sourceTree = "<group>"; };
		1D692D922237DCAC003FC0CE /* FormFields.swift */ = {isa = PBXFileReference; lastKnownFileType = sourcecode.swift; path = FormFields.swift; sourceTree = "<group>"; };
		1D76F06D21BC527700A53853 /* ProgressTableView.swift */ = {isa = PBXFileReference; lastKnownFileType = sourcecode.swift; path = ProgressTableView.swift; sourceTree = "<group>"; };
		1D7D37D321C05E81000E3621 /* ItemService.swift */ = {isa = PBXFileReference; lastKnownFileType = sourcecode.swift; path = ItemService.swift; sourceTree = "<group>"; };
		1D7D37D521C05EE6000E3621 /* ItemDetailsDto.swift */ = {isa = PBXFileReference; lastKnownFileType = sourcecode.swift; path = ItemDetailsDto.swift; sourceTree = "<group>"; };
		1D7D37DC21C06164000E3621 /* ItemServiceImpl.swift */ = {isa = PBXFileReference; lastKnownFileType = sourcecode.swift; path = ItemServiceImpl.swift; sourceTree = "<group>"; };
		1D7D37DE21C061E3000E3621 /* ItemRepository.swift */ = {isa = PBXFileReference; lastKnownFileType = sourcecode.swift; path = ItemRepository.swift; sourceTree = "<group>"; };
		1D7D37E121C061FD000E3621 /* ItemRepositoryImpl.swift */ = {isa = PBXFileReference; lastKnownFileType = sourcecode.swift; path = ItemRepositoryImpl.swift; sourceTree = "<group>"; };
		1D7D37E621C2F2AA000E3621 /* ControllerResolver.swift */ = {isa = PBXFileReference; lastKnownFileType = sourcecode.swift; path = ControllerResolver.swift; sourceTree = "<group>"; };
		1D886AA122101FE200C002C2 /* ItemUpdateDto.swift */ = {isa = PBXFileReference; lastKnownFileType = sourcecode.swift; path = ItemUpdateDto.swift; sourceTree = "<group>"; };
		1D886AA32210574B00C002C2 /* EmptyItemListCell.swift */ = {isa = PBXFileReference; lastKnownFileType = sourcecode.swift; name = EmptyItemListCell.swift; path = countit/View/tables/cells/EmptyItemListCell.swift; sourceTree = SOURCE_ROOT; };
		1D886AA52212FF3300C002C2 /* UserDefaultsImpl.swift */ = {isa = PBXFileReference; lastKnownFileType = sourcecode.swift; path = UserDefaultsImpl.swift; sourceTree = "<group>"; };
		1D886AA7221ADCE100C002C2 /* ProgressService.swift */ = {isa = PBXFileReference; lastKnownFileType = sourcecode.swift; path = ProgressService.swift; sourceTree = "<group>"; };
		1D886AAA221ADE0B00C002C2 /* ActivityPeriodSummaryDto.swift */ = {isa = PBXFileReference; lastKnownFileType = sourcecode.swift; path = ActivityPeriodSummaryDto.swift; sourceTree = "<group>"; };
		1D886AAC221ADEA000C002C2 /* ProgressServiceImpl.swift */ = {isa = PBXFileReference; lastKnownFileType = sourcecode.swift; path = ProgressServiceImpl.swift; sourceTree = "<group>"; };
		1D886AB0221B2D9900C002C2 /* ProgressServiceTestBase.swift */ = {isa = PBXFileReference; lastKnownFileType = sourcecode.swift; path = ProgressServiceTestBase.swift; sourceTree = "<group>"; };
		1D9C9CF822384EF50096770D /* RecordActivityFormView.swift */ = {isa = PBXFileReference; lastKnownFileType = sourcecode.swift; name = RecordActivityFormView.swift; path = countit/View/tables/RecordActivityFormView.swift; sourceTree = SOURCE_ROOT; };
		1D9C9CFA223855AC0096770D /* DatePickerCell.swift */ = {isa = PBXFileReference; lastKnownFileType = sourcecode.swift; name = DatePickerCell.swift; path = countit/View/tables/cells/formcells/DatePickerCell.swift; sourceTree = SOURCE_ROOT; };
		1D9D329D22043988007C675F /* ButtonCell.swift */ = {isa = PBXFileReference; lastKnownFileType = sourcecode.swift; name = ButtonCell.swift; path = countit/view/tables/cells/formcells/ButtonCell.swift; sourceTree = SOURCE_ROOT; };
		1D9D329F22044EEE007C675F /* ActivityHistoryController.swift */ = {isa = PBXFileReference; lastKnownFileType = sourcecode.swift; name = ActivityHistoryController.swift; path = countit/controller/pages/ActivityHistoryController.swift; sourceTree = SOURCE_ROOT; };
		1D9D32A122044FEB007C675F /* ActivityRecordDto.swift */ = {isa = PBXFileReference; lastKnownFileType = sourcecode.swift; path = ActivityRecordDto.swift; sourceTree = "<group>"; };
		1D9D32A5220450FF007C675F /* ActivityHistoryDto.swift */ = {isa = PBXFileReference; lastKnownFileType = sourcecode.swift; path = ActivityHistoryDto.swift; sourceTree = "<group>"; };
		1D9D32A72204526F007C675F /* ActivityRecordCell.swift */ = {isa = PBXFileReference; lastKnownFileType = sourcecode.swift; name = ActivityRecordCell.swift; path = countit/View/Tables/Cells/ActivityRecordCell.swift; sourceTree = SOURCE_ROOT; };
		1D9D32A922045472007C675F /* ActivityHistoryControllerImpl.swift */ = {isa = PBXFileReference; lastKnownFileType = sourcecode.swift; name = ActivityHistoryControllerImpl.swift; path = countit/controller/pages/implementations/ActivityHistoryControllerImpl.swift; sourceTree = SOURCE_ROOT; };
		1D9D32AB2204B0A5007C675F /* ActivityHistoryView.swift */ = {isa = PBXFileReference; lastKnownFileType = sourcecode.swift; name = ActivityHistoryView.swift; path = countit/View/Tables/ActivityHistoryView.swift; sourceTree = SOURCE_ROOT; };
		1D9D32AD2204B457007C675F /* ActivityHistory.swift */ = {isa = PBXFileReference; lastKnownFileType = sourcecode.swift; path = ActivityHistory.swift; sourceTree = "<group>"; };
		1D9D32AF2204BD4E007C675F /* UITestBaseActivityHistorySteps.swift */ = {isa = PBXFileReference; lastKnownFileType = sourcecode.swift; path = UITestBaseActivityHistorySteps.swift; sourceTree = "<group>"; };
		1DB3900121B5BFD000C11CD7 /* countit.app */ = {isa = PBXFileReference; explicitFileType = wrapper.application; includeInIndex = 0; path = countit.app; sourceTree = BUILT_PRODUCTS_DIR; };
		1DB3900421B5BFD000C11CD7 /* AppDelegate.swift */ = {isa = PBXFileReference; lastKnownFileType = sourcecode.swift; path = AppDelegate.swift; sourceTree = "<group>"; };
		1DB3900C21B5BFD000C11CD7 /* countit.xcdatamodel */ = {isa = PBXFileReference; lastKnownFileType = wrapper.xcdatamodel; path = countit.xcdatamodel; sourceTree = "<group>"; };
		1DB3900E21B5BFD200C11CD7 /* Assets.xcassets */ = {isa = PBXFileReference; lastKnownFileType = folder.assetcatalog; path = Assets.xcassets; sourceTree = "<group>"; };
		1DB3901321B5BFD200C11CD7 /* Info.plist */ = {isa = PBXFileReference; lastKnownFileType = text.plist.xml; path = Info.plist; sourceTree = "<group>"; };
		1DB3901821B5BFD200C11CD7 /* countitTests.xctest */ = {isa = PBXFileReference; explicitFileType = wrapper.cfbundle; includeInIndex = 0; path = countitTests.xctest; sourceTree = BUILT_PRODUCTS_DIR; };
		1DB3901C21B5BFD200C11CD7 /* CreateItems.swift */ = {isa = PBXFileReference; lastKnownFileType = sourcecode.swift; path = CreateItems.swift; sourceTree = "<group>"; };
		1DB3901E21B5BFD200C11CD7 /* Info.plist */ = {isa = PBXFileReference; lastKnownFileType = text.plist.xml; path = Info.plist; sourceTree = "<group>"; };
		1DB3902321B5BFD200C11CD7 /* countitUITests.xctest */ = {isa = PBXFileReference; explicitFileType = wrapper.cfbundle; includeInIndex = 0; path = countitUITests.xctest; sourceTree = BUILT_PRODUCTS_DIR; };
		1DB3902721B5BFD200C11CD7 /* CreateItems.swift */ = {isa = PBXFileReference; lastKnownFileType = sourcecode.swift; path = CreateItems.swift; sourceTree = "<group>"; };
		1DB3902921B5BFD200C11CD7 /* Info.plist */ = {isa = PBXFileReference; lastKnownFileType = text.plist.xml; path = Info.plist; sourceTree = "<group>"; };
		1DB3903C21B5C19600C11CD7 /* ProgressTableController.swift */ = {isa = PBXFileReference; lastKnownFileType = sourcecode.swift; path = ProgressTableController.swift; sourceTree = "<group>"; };
		1DB3904121B6AC3300C11CD7 /* ViewExtensions.swift */ = {isa = PBXFileReference; lastKnownFileType = sourcecode.swift; path = ViewExtensions.swift; sourceTree = "<group>"; };
		1DD15819221C936E00B95C9C /* TimeCalculations.swift */ = {isa = PBXFileReference; lastKnownFileType = sourcecode.swift; path = TimeCalculations.swift; sourceTree = "<group>"; };
		1DEB4B7921CFF98B002F09CF /* CoreDataConfig.swift */ = {isa = PBXFileReference; lastKnownFileType = sourcecode.swift; path = CoreDataConfig.swift; sourceTree = "<group>"; };
		1DEB4B7B21CFFB07002F09CF /* TestCoreDataConfig.swift */ = {isa = PBXFileReference; lastKnownFileType = sourcecode.swift; path = TestCoreDataConfig.swift; sourceTree = "<group>"; };
		1DEB4B7E21D00982002F09CF /* UpdateItems.swift */ = {isa = PBXFileReference; lastKnownFileType = sourcecode.swift; path = UpdateItems.swift; sourceTree = "<group>"; };
		1DEB4B8021D00991002F09CF /* ReadItems.swift */ = {isa = PBXFileReference; lastKnownFileType = sourcecode.swift; path = ReadItems.swift; sourceTree = "<group>"; };
		1DEB4B8221D009B6002F09CF /* DeleteItems.swift */ = {isa = PBXFileReference; lastKnownFileType = sourcecode.swift; path = DeleteItems.swift; sourceTree = "<group>"; };
		1DEB4B8421D4FC8B002F09CF /* UpdateItems.swift */ = {isa = PBXFileReference; lastKnownFileType = sourcecode.swift; path = UpdateItems.swift; sourceTree = "<group>"; };
		1DEB4B8621D4FC9C002F09CF /* DeleteItems.swift */ = {isa = PBXFileReference; lastKnownFileType = sourcecode.swift; path = DeleteItems.swift; sourceTree = "<group>"; };
		1DEB4B8821D52F4B002F09CF /* UserInstructions.swift */ = {isa = PBXFileReference; lastKnownFileType = sourcecode.swift; path = UserInstructions.swift; sourceTree = "<group>"; };
		1DEB4B8A21D53A5F002F09CF /* XCUIElementExtension.swift */ = {isa = PBXFileReference; lastKnownFileType = sourcecode.swift; path = XCUIElementExtension.swift; sourceTree = "<group>"; };
		1DEB4B9E21D93921002F09CF /* TargetDirection.swift */ = {isa = PBXFileReference; lastKnownFileType = sourcecode.swift; path = TargetDirection.swift; sourceTree = "<group>"; };
		1DEB4BA021D93972002F09CF /* TargetTimePeriod.swift */ = {isa = PBXFileReference; lastKnownFileType = sourcecode.swift; path = TargetTimePeriod.swift; sourceTree = "<group>"; };
		1DEB4BA221D946DB002F09CF /* TargetDto.swift */ = {isa = PBXFileReference; lastKnownFileType = sourcecode.swift; path = TargetDto.swift; sourceTree = "<group>"; };
		1DEB4BA521DBF2A3002F09CF /* ItemUpdateBuilder.swift */ = {isa = PBXFileReference; lastKnownFileType = sourcecode.swift; path = ItemUpdateBuilder.swift; sourceTree = "<group>"; };
		1DEB4BA721DBF2AD002F09CF /* TargetBuilder.swift */ = {isa = PBXFileReference; lastKnownFileType = sourcecode.swift; path = TargetBuilder.swift; sourceTree = "<group>"; };
		1DEB4BAA21DBFC4C002F09CF /* ServiceConfig.swift */ = {isa = PBXFileReference; lastKnownFileType = sourcecode.swift; path = ServiceConfig.swift; sourceTree = "<group>"; };
		1DEB4BAC21DBFEF6002F09CF /* ItemServiceContractTestBase.swift */ = {isa = PBXFileReference; lastKnownFileType = sourcecode.swift; path = ItemServiceContractTestBase.swift; sourceTree = "<group>"; };
		1DEB4BAF21DC00E8002F09CF /* XCTestExtension.swift */ = {isa = PBXFileReference; lastKnownFileType = sourcecode.swift; path = XCTestExtension.swift; sourceTree = "<group>"; };
		1DEB4BB221E1152B002F09CF /* Clock.swift */ = {isa = PBXFileReference; lastKnownFileType = sourcecode.swift; path = Clock.swift; sourceTree = "<group>"; };
		1DEB4BB421E3892B002F09CF /* ActivityUpdateDto.swift */ = {isa = PBXFileReference; lastKnownFileType = sourcecode.swift; path = ActivityUpdateDto.swift; sourceTree = "<group>"; };
		1DEB4BB621E38A45002F09CF /* ActivityService.swift */ = {isa = PBXFileReference; lastKnownFileType = sourcecode.swift; path = ActivityService.swift; sourceTree = "<group>"; };
		1DEB4BB821E38A99002F09CF /* ActivityServiceImpl.swift */ = {isa = PBXFileReference; lastKnownFileType = sourcecode.swift; path = ActivityServiceImpl.swift; sourceTree = "<group>"; };
		1DEB4BBA21E38B01002F09CF /* ActivityRepository.swift */ = {isa = PBXFileReference; lastKnownFileType = sourcecode.swift; path = ActivityRepository.swift; sourceTree = "<group>"; };
		1DEB4BBC21E38B4E002F09CF /* ActivityRepositoryImpl.swift */ = {isa = PBXFileReference; lastKnownFileType = sourcecode.swift; path = ActivityRepositoryImpl.swift; sourceTree = "<group>"; };
		1DEB4BBE21E3DCAE002F09CF /* ItemProgressSummaryDto.swift */ = {isa = PBXFileReference; lastKnownFileType = sourcecode.swift; path = ItemProgressSummaryDto.swift; sourceTree = "<group>"; };
		1DEB4BC221E78ED8002F09CF /* PlusOne.swift */ = {isa = PBXFileReference; lastKnownFileType = sourcecode.swift; path = PlusOne.swift; sourceTree = "<group>"; };
		1DEB4BC421E78F44002F09CF /* AccessibilityIdentifiers.swift */ = {isa = PBXFileReference; lastKnownFileType = sourcecode.swift; name = AccessibilityIdentifiers.swift; path = countit/View/AccessibilityIdentifiers.swift; sourceTree = SOURCE_ROOT; };
		1DEB4BC621E7926C002F09CF /* UITestBase.swift */ = {isa = PBXFileReference; lastKnownFileType = sourcecode.swift; path = UITestBase.swift; sourceTree = "<group>"; };
		1DEB4BC821E794DB002F09CF /* AccessibilityIdentifiers.swift */ = {isa = PBXFileReference; lastKnownFileType = sourcecode.swift; path = AccessibilityIdentifiers.swift; sourceTree = "<group>"; };
		1DF653D921ECBAD700AA65C3 /* UITestBaseAssertions.swift */ = {isa = PBXFileReference; lastKnownFileType = sourcecode.swift; path = UITestBaseAssertions.swift; sourceTree = "<group>"; };
		1DF653DB21ECBCC300AA65C3 /* UITestBaseItemTableSteps.swift */ = {isa = PBXFileReference; lastKnownFileType = sourcecode.swift; path = UITestBaseItemTableSteps.swift; sourceTree = "<group>"; };
		1DF653DD21ECBCD400AA65C3 /* UITestBaseItemFormSteps.swift */ = {isa = PBXFileReference; lastKnownFileType = sourcecode.swift; path = UITestBaseItemFormSteps.swift; sourceTree = "<group>"; };
		1DF653E121EFD40D00AA65C3 /* TestClock.swift */ = {isa = PBXFileReference; lastKnownFileType = sourcecode.swift; path = TestClock.swift; sourceTree = "<group>"; };
		1DF653E521EFD56300AA65C3 /* ActivityServiceTestBase.swift */ = {isa = PBXFileReference; lastKnownFileType = sourcecode.swift; path = ActivityServiceTestBase.swift; sourceTree = "<group>"; };
		1DF653E921F12DE000AA65C3 /* ActivityCalculations.swift */ = {isa = PBXFileReference; lastKnownFileType = sourcecode.swift; path = ActivityCalculations.swift; sourceTree = "<group>"; };
		1DF653EB21F12F3C00AA65C3 /* AddDeleteActivity.swift */ = {isa = PBXFileReference; lastKnownFileType = sourcecode.swift; path = AddDeleteActivity.swift; sourceTree = "<group>"; };
		1DF653ED21FE276700AA65C3 /* FormOptionSelectorController.swift */ = {isa = PBXFileReference; lastKnownFileType = sourcecode.swift; name = FormOptionSelectorController.swift; path = countit/controller/pages/implementations/FormOptionSelectorController.swift; sourceTree = SOURCE_ROOT; };
		1DF653EF21FE344400AA65C3 /* FormOptionSelectorView.swift */ = {isa = PBXFileReference; lastKnownFileType = sourcecode.swift; name = FormOptionSelectorView.swift; path = countit/View/Tables/FormOptionSelectorView.swift; sourceTree = SOURCE_ROOT; };
		1DF653F121FE371400AA65C3 /* FormOptionSelectorCell.swif.swift */ = {isa = PBXFileReference; lastKnownFileType = sourcecode.swift; name = FormOptionSelectorCell.swif.swift; path = countit/view/tables/cells/formcells/FormOptionSelectorCell.swif.swift; sourceTree = SOURCE_ROOT; };
		1DF653F321FE429000AA65C3 /* Colors.swift */ = {isa = PBXFileReference; lastKnownFileType = sourcecode.swift; name = Colors.swift; path = countit/View/Colors.swift; sourceTree = SOURCE_ROOT; };
		1DF653F521FE432E00AA65C3 /* PrimaryNavigationController.swift */ = {isa = PBXFileReference; lastKnownFileType = sourcecode.swift; name = PrimaryNavigationController.swift; path = countit/Controller/PrimaryNavigationController.swift; sourceTree = SOURCE_ROOT; };
		1DF653F921FF7C9000AA65C3 /* TextEntryFormCell.swift */ = {isa = PBXFileReference; lastKnownFileType = sourcecode.swift; name = TextEntryFormCell.swift; path = countit/view/tables/cells/formcells/TextEntryFormCell.swift; sourceTree = SOURCE_ROOT; };
		1DF653FB21FF7CB000AA65C3 /* FormOptionDisplayCell.swift */ = {isa = PBXFileReference; lastKnownFileType = sourcecode.swift; name = FormOptionDisplayCell.swift; path = countit/view/tables/cells/formcells/FormOptionDisplayCell.swift; sourceTree = SOURCE_ROOT; };
		1DF653FD21FF951500AA65C3 /* FormCellDelegate.swift */ = {isa = PBXFileReference; lastKnownFileType = sourcecode.swift; name = FormCellDelegate.swift; path = countit/controller/protocols/FormCellDelegate.swift; sourceTree = SOURCE_ROOT; };
		1DF653FF21FF956600AA65C3 /* FormCell.swift */ = {isa = PBXFileReference; lastKnownFileType = sourcecode.swift; name = FormCell.swift; path = countit/view/tables/cells/protocols/FormCell.swift; sourceTree = SOURCE_ROOT; };
		1DF6540121FFB56700AA65C3 /* ItemFormView.swift */ = {isa = PBXFileReference; lastKnownFileType = sourcecode.swift; name = ItemFormView.swift; path = countit/View/Tables/ItemFormView.swift; sourceTree = SOURCE_ROOT; };
		1DFB0B042220760D0009959B /* Message.swift */ = {isa = PBXFileReference; lastKnownFileType = sourcecode.swift; path = Message.swift; sourceTree = "<group>"; };
		1DFB0B06222078240009959B /* MessageBroker.swift */ = {isa = PBXFileReference; lastKnownFileType = sourcecode.swift; path = MessageBroker.swift; sourceTree = "<group>"; };
		1DFB0B08222079100009959B /* MessageBrokerNcImpl.swift */ = {isa = PBXFileReference; lastKnownFileType = sourcecode.swift; path = MessageBrokerNcImpl.swift; sourceTree = "<group>"; };
		1DFB0B0A2220793E0009959B /* MessageListener.swift */ = {isa = PBXFileReference; lastKnownFileType = sourcecode.swift; path = MessageListener.swift; sourceTree = "<group>"; };
		1DFB0B0C22207CD40009959B /* UserInstructionService.swift */ = {isa = PBXFileReference; lastKnownFileType = sourcecode.swift; path = UserInstructionService.swift; sourceTree = "<group>"; };
		1DFB0B0E22207CF10009959B /* UserInstructionServiceImpl.swift */ = {isa = PBXFileReference; lastKnownFileType = sourcecode.swift; path = UserInstructionServiceImpl.swift; sourceTree = "<group>"; };
		1DFB0B1022215DA80009959B /* Properties.swift */ = {isa = PBXFileReference; lastKnownFileType = sourcecode.swift; path = Properties.swift; sourceTree = "<group>"; };
		1DFB0B16222161DE0009959B /* TestProperties.swift */ = {isa = PBXFileReference; lastKnownFileType = sourcecode.swift; path = TestProperties.swift; sourceTree = "<group>"; };
		1DFB0B182221674A0009959B /* TestProperties.swift */ = {isa = PBXFileReference; lastKnownFileType = sourcecode.swift; path = TestProperties.swift; sourceTree = "<group>"; };
		2FB6459C799994A5979FF6CF /* Pods_countit.framework */ = {isa = PBXFileReference; explicitFileType = wrapper.framework; includeInIndex = 0; path = Pods_countit.framework; sourceTree = BUILT_PRODUCTS_DIR; };
		4B858F6F70E8087F74BC5551 /* Pods_countitUITests.framework */ = {isa = PBXFileReference; explicitFileType = wrapper.framework; includeInIndex = 0; path = Pods_countitUITests.framework; sourceTree = BUILT_PRODUCTS_DIR; };
		503CFEF07DCB8CEBE7936D26 /* Pods-countitUITests.release.xcconfig */ = {isa = PBXFileReference; includeInIndex = 1; lastKnownFileType = text.xcconfig; name = "Pods-countitUITests.release.xcconfig"; path = "Pods/Target Support Files/Pods-countitUITests/Pods-countitUITests.release.xcconfig"; sourceTree = "<group>"; };
		7398A5826A458E82557B2FF5 /* Pods_countitTests.framework */ = {isa = PBXFileReference; explicitFileType = wrapper.framework; includeInIndex = 0; path = Pods_countitTests.framework; sourceTree = BUILT_PRODUCTS_DIR; };
		801BADFA91AC030AF7FC0DFF /* Pods-countitTests.release.xcconfig */ = {isa = PBXFileReference; includeInIndex = 1; lastKnownFileType = text.xcconfig; name = "Pods-countitTests.release.xcconfig"; path = "Pods/Target Support Files/Pods-countitTests/Pods-countitTests.release.xcconfig"; sourceTree = "<group>"; };
		8F65A6535B651D6F3E181FF0 /* Pods-countitTests.debug.xcconfig */ = {isa = PBXFileReference; includeInIndex = 1; lastKnownFileType = text.xcconfig; name = "Pods-countitTests.debug.xcconfig"; path = "Pods/Target Support Files/Pods-countitTests/Pods-countitTests.debug.xcconfig"; sourceTree = "<group>"; };
		AAE1B8F7E82342EF18DD94D7 /* Pods-countitUITests.debug.xcconfig */ = {isa = PBXFileReference; includeInIndex = 1; lastKnownFileType = text.xcconfig; name = "Pods-countitUITests.debug.xcconfig"; path = "Pods/Target Support Files/Pods-countitUITests/Pods-countitUITests.debug.xcconfig"; sourceTree = "<group>"; };
		B860E3498CB4090B1DB5EF1D /* Pods-countit.release.xcconfig */ = {isa = PBXFileReference; includeInIndex = 1; lastKnownFileType = text.xcconfig; name = "Pods-countit.release.xcconfig"; path = "Pods/Target Support Files/Pods-countit/Pods-countit.release.xcconfig"; sourceTree = "<group>"; };
		C2858C7430761B4663BF02E5 /* Pods-countit.debug.xcconfig */ = {isa = PBXFileReference; includeInIndex = 1; lastKnownFileType = text.xcconfig; name = "Pods-countit.debug.xcconfig"; path = "Pods/Target Support Files/Pods-countit/Pods-countit.debug.xcconfig"; sourceTree = "<group>"; };
/* End PBXFileReference section */

/* Begin PBXFrameworksBuildPhase section */
		1DB38FFE21B5BFD000C11CD7 /* Frameworks */ = {
			isa = PBXFrameworksBuildPhase;
			buildActionMask = 2147483647;
			files = (
				BA0045E4D698F54BF4A79C97 /* Pods_countit.framework in Frameworks */,
			);
			runOnlyForDeploymentPostprocessing = 0;
		};
		1DB3901521B5BFD200C11CD7 /* Frameworks */ = {
			isa = PBXFrameworksBuildPhase;
			buildActionMask = 2147483647;
			files = (
				0453CC15F615381322900751 /* Pods_countitTests.framework in Frameworks */,
			);
			runOnlyForDeploymentPostprocessing = 0;
		};
		1DB3902021B5BFD200C11CD7 /* Frameworks */ = {
			isa = PBXFrameworksBuildPhase;
			buildActionMask = 2147483647;
			files = (
				93D53C87420576BE4227D486 /* Pods_countitUITests.framework in Frameworks */,
			);
			runOnlyForDeploymentPostprocessing = 0;
		};
/* End PBXFrameworksBuildPhase section */

/* Begin PBXGroup section */
		1D1E570C2204FA630081CCE8 /* pages */ = {
			isa = PBXGroup;
			children = (
				1DB3903C21B5C19600C11CD7 /* ProgressTableController.swift */,
				1D49B41421B7FD1A00920CF4 /* ItemFormController.swift */,
				1D9D329F22044EEE007C675F /* ActivityHistoryController.swift */,
				1D692D8B2237D84C003FC0CE /* RecordActivityFormController.swift */,
				1D1E570D2204FA7E0081CCE8 /* implementations */,
			);
			path = pages;
			sourceTree = "<group>";
		};
		1D1E570D2204FA7E0081CCE8 /* implementations */ = {
			isa = PBXGroup;
			children = (
				1D692D8F2237DB21003FC0CE /* baaseclasses */,
				1D1E57082204C5B20081CCE8 /* ItemFormControllerImpl.swift */,
				1D9D32A922045472007C675F /* ActivityHistoryControllerImpl.swift */,
				1DF653ED21FE276700AA65C3 /* FormOptionSelectorController.swift */,
				1D1E570A2204C62A0081CCE8 /* ProgressTableControllerImpl.swift */,
				1D692D8D2237D872003FC0CE /* RecordActivityFormControllerImpl.swift */,
			);
			path = implementations;
			sourceTree = "<group>";
		};
		1D1E570E2204FAD30081CCE8 /* protocols */ = {
			isa = PBXGroup;
			children = (
				1DF653FD21FF951500AA65C3 /* FormCellDelegate.swift */,
				1D640C2F2242E15B002618D5 /* KeyboardResponder.swift */,
			);
			path = protocols;
			sourceTree = "<group>";
		};
		1D1E5713220587170081CCE8 /* container */ = {
			isa = PBXGroup;
			children = (
				1D1E571722058AEC0081CCE8 /* AppContainer.swift */,
				1D1E5714220587390081CCE8 /* resolvers */,
			);
			path = container;
			sourceTree = "<group>";
		};
		1D1E5714220587390081CCE8 /* resolvers */ = {
			isa = PBXGroup;
			children = (
				1D7D37E621C2F2AA000E3621 /* ControllerResolver.swift */,
				1D1E5711220586B80081CCE8 /* ServiceResolver.swift */,
				1D1E5715220587BB0081CCE8 /* RepositoryResolver.swift */,
			);
			path = resolvers;
			sourceTree = "<group>";
		};
		1D1E571B220A2B020081CCE8 /* protocols */ = {
			isa = PBXGroup;
			children = (
				1DF653FF21FF956600AA65C3 /* FormCell.swift */,
			);
			path = protocols;
			sourceTree = "<group>";
		};
		1D1E571C220A2B200081CCE8 /* formcells */ = {
			isa = PBXGroup;
			children = (
				1DF653F121FE371400AA65C3 /* FormOptionSelectorCell.swif.swift */,
				1DF653F921FF7C9000AA65C3 /* TextEntryFormCell.swift */,
				1DF653FB21FF7CB000AA65C3 /* FormOptionDisplayCell.swift */,
				1D9D329D22043988007C675F /* ButtonCell.swift */,
				1D9C9CFA223855AC0096770D /* DatePickerCell.swift */,
			);
			path = formcells;
			sourceTree = "<group>";
		};
		1D1E571F220A32130081CCE8 /* itemcellcomponents */ = {
			isa = PBXGroup;
			children = (
				1D27FBC5220F12EA00F8789B /* delegates */,
				1D27FBBE220F00D600F8789B /* elements */,
				1D27FBBD220F00CF00F8789B /* sections */,
				1D1E5732220B08120081CCE8 /* protocols */,
			);
			path = itemcellcomponents;
			sourceTree = "<group>";
		};
		1D1E5732220B08120081CCE8 /* protocols */ = {
			isa = PBXGroup;
			children = (
				1D1E5730220B057D0081CCE8 /* ItemCellButtonDelegate.swift */,
			);
			path = protocols;
			sourceTree = "<group>";
		};
		1D27FBBD220F00CF00F8789B /* sections */ = {
			isa = PBXGroup;
			children = (
				1D1E5722220A33B60081CCE8 /* DetailsSection.swift */,
				1D1E5734220B08450081CCE8 /* ButtonSection.swift */,
				1D27FBB7220CE3E400F8789B /* ProgressSection.swift */,
			);
			path = sections;
			sourceTree = "<group>";
		};
		1D27FBBE220F00D600F8789B /* elements */ = {
			isa = PBXGroup;
			children = (
				1D1E5720220A32520081CCE8 /* Border.swift */,
				1D27FBBB220EFA8100F8789B /* Separator.swift */,
				1D1E5727220B04D00081CCE8 /* ActionButton.swift */,
			);
			path = elements;
			sourceTree = "<group>";
		};
		1D27FBC5220F12EA00F8789B /* delegates */ = {
			isa = PBXGroup;
			children = (
				1D27FBC6220F12FE00F8789B /* ProgressDelegate.swift */,
			);
			path = delegates;
			sourceTree = "<group>";
		};
		1D49B41821B7FFAC00920CF4 /* uielementbuilders */ = {
			isa = PBXGroup;
			children = (
				1D49B41921B7FFD200920CF4 /* NavBarButtonBuilder.swift */,
				1D49B41B21B7FFFC00920CF4 /* NavigationItemBuilder.swift */,
				1D27FBC1220F040300F8789B /* GTProgressBarBuilder.swift */,
				1D692D8922370716003FC0CE /* UIButtonBuilder.swift */,
			);
			path = uielementbuilders;
			sourceTree = "<group>";
		};
		1D49B41D21B8003600920CF4 /* enums */ = {
			isa = PBXGroup;
			children = (
				1D49B41E21B8004400920CF4 /* NavBarButtonType.swift */,
				1D27FBC3220F04F300F8789B /* ProgressColor.swift */,
				1D27FBC8220F437E00F8789B /* ItemCellState.swift */,
			);
			path = enums;
			sourceTree = "<group>";
		};
		1D640C2C2242E0DE002618D5 /* extensions */ = {
			isa = PBXGroup;
			children = (
			);
			path = extensions;
			sourceTree = "<group>";
		};
		1D692D8F2237DB21003FC0CE /* baaseclasses */ = {
			isa = PBXGroup;
			children = (
				1D692D902237DB2F003FC0CE /* FormBase.swift */,
				1D692D922237DCAC003FC0CE /* FormFields.swift */,
			);
			path = baaseclasses;
			sourceTree = "<group>";
		};
		1D76F06321BC1FEB00A53853 /* tables */ = {
			isa = PBXGroup;
			children = (
				1D76F06D21BC527700A53853 /* ProgressTableView.swift */,
				1DF6540121FFB56700AA65C3 /* ItemFormView.swift */,
				1DF653EF21FE344400AA65C3 /* FormOptionSelectorView.swift */,
				1D9D32AB2204B0A5007C675F /* ActivityHistoryView.swift */,
				1D9C9CF822384EF50096770D /* RecordActivityFormView.swift */,
				1D76F06521BC1FF900A53853 /* cells */,
			);
			path = tables;
			sourceTree = "<group>";
		};
		1D76F06521BC1FF900A53853 /* cells */ = {
			isa = PBXGroup;
			children = (
				1D1E571F220A32130081CCE8 /* itemcellcomponents */,
				1D1E571C220A2B200081CCE8 /* formcells */,
				1D1E571B220A2B020081CCE8 /* protocols */,
				1D9D32A72204526F007C675F /* ActivityRecordCell.swift */,
				1D1E571D220A2B640081CCE8 /* ItemCell.swift */,
				1D886AA32210574B00C002C2 /* EmptyItemListCell.swift */,
			);
			path = cells;
			sourceTree = "<group>";
		};
		1D7D37D721C05F01000E3621 /* dto */ = {
			isa = PBXGroup;
			children = (
				1D886AA9221ADD1A00C002C2 /* progress */,
				1D9D32A422045051007C675F /* activity */,
				1D9D32A322045040007C675F /* item */,
				1DEB4BA221D946DB002F09CF /* TargetDto.swift */,
			);
			path = dto;
			sourceTree = "<group>";
		};
		1D7D37DB21C06152000E3621 /* implementation */ = {
			isa = PBXGroup;
			children = (
				1D7D37DC21C06164000E3621 /* ItemServiceImpl.swift */,
				1DEB4BB821E38A99002F09CF /* ActivityServiceImpl.swift */,
				1D886AAC221ADEA000C002C2 /* ProgressServiceImpl.swift */,
				1DFB0B0E22207CF10009959B /* UserInstructionServiceImpl.swift */,
			);
			path = implementation;
			sourceTree = "<group>";
		};
		1D7D37E021C061EF000E3621 /* implementation */ = {
			isa = PBXGroup;
			children = (
				1D7D37E121C061FD000E3621 /* ItemRepositoryImpl.swift */,
				1DEB4BBC21E38B4E002F09CF /* ActivityRepositoryImpl.swift */,
			);
			path = implementation;
			sourceTree = "<group>";
		};
		1D7D37E321C06299000E3621 /* entities */ = {
			isa = PBXGroup;
			children = (
			);
			path = entities;
			sourceTree = "<group>";
		};
		1D886AA9221ADD1A00C002C2 /* progress */ = {
			isa = PBXGroup;
			children = (
				1DEB4BBE21E3DCAE002F09CF /* ItemProgressSummaryDto.swift */,
			);
			path = progress;
			sourceTree = "<group>";
		};
		1D886AAE221B2D6200C002C2 /* progressservice */ = {
			isa = PBXGroup;
			children = (
				1D886AAF221B2D6A00C002C2 /* contract */,
			);
			path = progressservice;
			sourceTree = "<group>";
		};
		1D886AAF221B2D6A00C002C2 /* contract */ = {
			isa = PBXGroup;
			children = (
				1DF653E921F12DE000AA65C3 /* ActivityCalculations.swift */,
				1DD15819221C936E00B95C9C /* TimeCalculations.swift */,
				1D886AB0221B2D9900C002C2 /* ProgressServiceTestBase.swift */,
			);
			path = contract;
			sourceTree = "<group>";
		};
		1D9D32A322045040007C675F /* item */ = {
			isa = PBXGroup;
			children = (
				1D7D37D521C05EE6000E3621 /* ItemDetailsDto.swift */,
				1D886AA122101FE200C002C2 /* ItemUpdateDto.swift */,
			);
			path = item;
			sourceTree = "<group>";
		};
		1D9D32A422045051007C675F /* activity */ = {
			isa = PBXGroup;
			children = (
				1D9D32A122044FEB007C675F /* ActivityRecordDto.swift */,
				1DEB4BB421E3892B002F09CF /* ActivityUpdateDto.swift */,
				1D9D32A5220450FF007C675F /* ActivityHistoryDto.swift */,
				1D886AAA221ADE0B00C002C2 /* ActivityPeriodSummaryDto.swift */,
			);
			path = activity;
			sourceTree = "<group>";
		};
		1DB38FF821B5BFD000C11CD7 = {
			isa = PBXGroup;
			children = (
				1DB3900321B5BFD000C11CD7 /* countit */,
				1DB3901B21B5BFD200C11CD7 /* countitTests */,
				1DB3902621B5BFD200C11CD7 /* countitUITests */,
				1DB3900221B5BFD000C11CD7 /* Products */,
				8E80B8A51C85994185774E2B /* Pods */,
				BABB5BC5C70E6A26D1E39EA2 /* Frameworks */,
			);
			sourceTree = "<group>";
		};
		1DB3900221B5BFD000C11CD7 /* Products */ = {
			isa = PBXGroup;
			children = (
				1DB3900121B5BFD000C11CD7 /* countit.app */,
				1DB3901821B5BFD200C11CD7 /* countitTests.xctest */,
				1DB3902321B5BFD200C11CD7 /* countitUITests.xctest */,
			);
			name = Products;
			sourceTree = "<group>";
		};
		1DB3900321B5BFD000C11CD7 /* countit */ = {
			isa = PBXGroup;
			children = (
				1DF653E021ED2BC200AA65C3 /* config */,
				1DB3903521B5C05B00C11CD7 /* view */,
				1DFB0B03222075ED0009959B /* messages */,
				1DB3903721B5C07300C11CD7 /* controller */,
				1DB3903621B5C06A00C11CD7 /* model */,
				1DB3903821B5C07900C11CD7 /* service */,
				1DB3903921B5C08800C11CD7 /* repository */,
				1DEB4BB121E114FF002F09CF /* utils */,
				1DB3900421B5BFD000C11CD7 /* AppDelegate.swift */,
				1DB3900E21B5BFD200C11CD7 /* Assets.xcassets */,
			);
			path = countit;
			sourceTree = "<group>";
		};
		1DB3901B21B5BFD200C11CD7 /* countitTests */ = {
			isa = PBXGroup;
			children = (
				1DEB4BAE21DC0079002F09CF /* extensions */,
				1DEB4BA921DBFC2F002F09CF /* utils */,
				1DEB4BA421DBF294002F09CF /* builders */,
				1DEB4B8F21D54F1C002F09CF /* config */,
				1D886AAE221B2D6200C002C2 /* progressservice */,
				1DF653E321EFD53400AA65C3 /* activityservice */,
				1DEB4B7D21D0094E002F09CF /* itemservice */,
			);
			path = countitTests;
			sourceTree = "<group>";
		};
		1DB3902621B5BFD200C11CD7 /* countitUITests */ = {
			isa = PBXGroup;
			children = (
				1DF653DF21ECBF8900AA65C3 /* tests */,
				1DF653D821ECBAA600AA65C3 /* assertions */,
				1DF653D721ECBA9800AA65C3 /* steps */,
				1DEB4B9021D54F2D002F09CF /* config */,
				1DEB4B8E21D54EF0002F09CF /* extensions */,
			);
			path = countitUITests;
			sourceTree = "<group>";
		};
		1DB3903521B5C05B00C11CD7 /* view */ = {
			isa = PBXGroup;
			children = (
				1D76F06321BC1FEB00A53853 /* tables */,
				1D49B41821B7FFAC00920CF4 /* uielementbuilders */,
				1D49B41D21B8003600920CF4 /* enums */,
				1DB3904021B6AC2000C11CD7 /* extensions */,
				1DEB4BC421E78F44002F09CF /* AccessibilityIdentifiers.swift */,
				1DF653F321FE429000AA65C3 /* Colors.swift */,
			);
			path = view;
			sourceTree = "<group>";
		};
		1DB3903621B5C06A00C11CD7 /* model */ = {
			isa = PBXGroup;
			children = (
				1DEB4B9D21D9390D002F09CF /* enums */,
				1D7D37E321C06299000E3621 /* entities */,
				1D7D37D721C05F01000E3621 /* dto */,
			);
			path = model;
			sourceTree = "<group>";
		};
		1DB3903721B5C07300C11CD7 /* controller */ = {
			isa = PBXGroup;
			children = (
				1D640C2C2242E0DE002618D5 /* extensions */,
				1D1E570E2204FAD30081CCE8 /* protocols */,
				1D1E570C2204FA630081CCE8 /* pages */,
				1DF653F521FE432E00AA65C3 /* PrimaryNavigationController.swift */,
			);
			path = controller;
			sourceTree = "<group>";
		};
		1DB3903821B5C07900C11CD7 /* service */ = {
			isa = PBXGroup;
			children = (
				1D7D37D321C05E81000E3621 /* ItemService.swift */,
				1DEB4BB621E38A45002F09CF /* ActivityService.swift */,
				1D886AA7221ADCE100C002C2 /* ProgressService.swift */,
				1DFB0B0C22207CD40009959B /* UserInstructionService.swift */,
				1D7D37DB21C06152000E3621 /* implementation */,
			);
			path = service;
			sourceTree = "<group>";
		};
		1DB3903921B5C08800C11CD7 /* repository */ = {
			isa = PBXGroup;
			children = (
				1DB3900B21B5BFD000C11CD7 /* countit.xcdatamodeld */,
				1D7D37DE21C061E3000E3621 /* ItemRepository.swift */,
				1DEB4BBA21E38B01002F09CF /* ActivityRepository.swift */,
				1D7D37E021C061EF000E3621 /* implementation */,
			);
			path = repository;
			sourceTree = "<group>";
		};
		1DB3904021B6AC2000C11CD7 /* extensions */ = {
			isa = PBXGroup;
			children = (
				1DB3904121B6AC3300C11CD7 /* ViewExtensions.swift */,
			);
			path = extensions;
			sourceTree = "<group>";
		};
		1DEB4B7D21D0094E002F09CF /* itemservice */ = {
			isa = PBXGroup;
			children = (
				1DEB4B9221D6700E002F09CF /* performance */,
				1DEB4B9121D67006002F09CF /* contract */,
			);
			path = itemservice;
			sourceTree = "<group>";
		};
		1DEB4B8E21D54EF0002F09CF /* extensions */ = {
			isa = PBXGroup;
			children = (
				1DEB4B8A21D53A5F002F09CF /* XCUIElementExtension.swift */,
			);
			path = extensions;
			sourceTree = "<group>";
		};
		1DEB4B8F21D54F1C002F09CF /* config */ = {
			isa = PBXGroup;
			children = (
				1DB3901E21B5BFD200C11CD7 /* Info.plist */,
				1DEB4BAA21DBFC4C002F09CF /* ServiceConfig.swift */,
				1DEB4B7B21CFFB07002F09CF /* TestCoreDataConfig.swift */,
				1DFB0B16222161DE0009959B /* TestProperties.swift */,
			);
			path = config;
			sourceTree = "<group>";
		};
		1DEB4B9021D54F2D002F09CF /* config */ = {
			isa = PBXGroup;
			children = (
				1DB3902921B5BFD200C11CD7 /* Info.plist */,
				1DEB4BC821E794DB002F09CF /* AccessibilityIdentifiers.swift */,
			);
			path = config;
			sourceTree = "<group>";
		};
		1DEB4B9121D67006002F09CF /* contract */ = {
			isa = PBXGroup;
			children = (
				1DB3901C21B5BFD200C11CD7 /* CreateItems.swift */,
				1DEB4B7E21D00982002F09CF /* UpdateItems.swift */,
				1DEB4B8021D00991002F09CF /* ReadItems.swift */,
				1DEB4B8221D009B6002F09CF /* DeleteItems.swift */,
				1DEB4BAC21DBFEF6002F09CF /* ItemServiceContractTestBase.swift */,
			);
			path = contract;
			sourceTree = "<group>";
		};
		1DEB4B9221D6700E002F09CF /* performance */ = {
			isa = PBXGroup;
			children = (
			);
			path = performance;
			sourceTree = "<group>";
		};
		1DEB4B9D21D9390D002F09CF /* enums */ = {
			isa = PBXGroup;
			children = (
				1DEB4B9E21D93921002F09CF /* TargetDirection.swift */,
				1DEB4BA021D93972002F09CF /* TargetTimePeriod.swift */,
			);
			path = enums;
			sourceTree = "<group>";
		};
		1DEB4BA421DBF294002F09CF /* builders */ = {
			isa = PBXGroup;
			children = (
				1DEB4BA521DBF2A3002F09CF /* ItemUpdateBuilder.swift */,
				1DEB4BA721DBF2AD002F09CF /* TargetBuilder.swift */,
			);
			path = builders;
			sourceTree = "<group>";
		};
		1DEB4BA921DBFC2F002F09CF /* utils */ = {
			isa = PBXGroup;
			children = (
				1DF653E121EFD40D00AA65C3 /* TestClock.swift */,
			);
			path = utils;
			sourceTree = "<group>";
		};
		1DEB4BAE21DC0079002F09CF /* extensions */ = {
			isa = PBXGroup;
			children = (
				1DEB4BAF21DC00E8002F09CF /* XCTestExtension.swift */,
			);
			path = extensions;
			sourceTree = "<group>";
		};
		1DEB4BB121E114FF002F09CF /* utils */ = {
			isa = PBXGroup;
			children = (
				1DEB4BB221E1152B002F09CF /* Clock.swift */,
			);
			path = utils;
			sourceTree = "<group>";
		};
		1DF653D721ECBA9800AA65C3 /* steps */ = {
			isa = PBXGroup;
			children = (
				1DF653DB21ECBCC300AA65C3 /* UITestBaseItemTableSteps.swift */,
				1DF653DD21ECBCD400AA65C3 /* UITestBaseItemFormSteps.swift */,
				1D9D32AF2204BD4E007C675F /* UITestBaseActivityHistorySteps.swift */,
				1D640C2A223E7D13002618D5 /* UITestBaseRecordActivityFormSteps.swift */,
			);
			path = steps;
			sourceTree = "<group>";
		};
		1DF653D821ECBAA600AA65C3 /* assertions */ = {
			isa = PBXGroup;
			children = (
				1DF653D921ECBAD700AA65C3 /* UITestBaseAssertions.swift */,
			);
			path = assertions;
			sourceTree = "<group>";
		};
		1DF653DF21ECBF8900AA65C3 /* tests */ = {
			isa = PBXGroup;
			children = (
				1DB3902721B5BFD200C11CD7 /* CreateItems.swift */,
				1DEB4B8421D4FC8B002F09CF /* UpdateItems.swift */,
				1DEB4B8621D4FC9C002F09CF /* DeleteItems.swift */,
				1DEB4B8821D52F4B002F09CF /* UserInstructions.swift */,
				1DEB4BC221E78ED8002F09CF /* PlusOne.swift */,
				1D9D32AD2204B457007C675F /* ActivityHistory.swift */,
				1DEB4BC621E7926C002F09CF /* UITestBase.swift */,
				1D640C28223E79CB002618D5 /* RecordActivity.swift */,
			);
			path = tests;
			sourceTree = "<group>";
		};
		1DF653E021ED2BC200AA65C3 /* config */ = {
			isa = PBXGroup;
			children = (
				1DFB0B1222215DF40009959B /* properties */,
				1D1E5713220587170081CCE8 /* container */,
				1DB3901321B5BFD200C11CD7 /* Info.plist */,
				1DEB4B7921CFF98B002F09CF /* CoreDataConfig.swift */,
			);
			path = config;
			sourceTree = "<group>";
		};
		1DF653E321EFD53400AA65C3 /* activityservice */ = {
			isa = PBXGroup;
			children = (
				1DF653E421EFD54400AA65C3 /* contract */,
			);
			path = activityservice;
			sourceTree = "<group>";
		};
		1DF653E421EFD54400AA65C3 /* contract */ = {
			isa = PBXGroup;
			children = (
				1DF653EB21F12F3C00AA65C3 /* AddDeleteActivity.swift */,
				1DF653E521EFD56300AA65C3 /* ActivityServiceTestBase.swift */,
			);
			path = contract;
			sourceTree = "<group>";
		};
		1DFB0B03222075ED0009959B /* messages */ = {
			isa = PBXGroup;
			children = (
				1DFB0B042220760D0009959B /* Message.swift */,
				1DFB0B06222078240009959B /* MessageBroker.swift */,
				1DFB0B08222079100009959B /* MessageBrokerNcImpl.swift */,
				1DFB0B0A2220793E0009959B /* MessageListener.swift */,
			);
			path = messages;
			sourceTree = "<group>";
		};
		1DFB0B1222215DF40009959B /* properties */ = {
			isa = PBXGroup;
			children = (
				1D886AA52212FF3300C002C2 /* UserDefaultsImpl.swift */,
				1DFB0B1022215DA80009959B /* Properties.swift */,
				1DFB0B182221674A0009959B /* TestProperties.swift */,
			);
			path = properties;
			sourceTree = "<group>";
		};
		8E80B8A51C85994185774E2B /* Pods */ = {
			isa = PBXGroup;
			children = (
				C2858C7430761B4663BF02E5 /* Pods-countit.debug.xcconfig */,
				B860E3498CB4090B1DB5EF1D /* Pods-countit.release.xcconfig */,
				8F65A6535B651D6F3E181FF0 /* Pods-countitTests.debug.xcconfig */,
				801BADFA91AC030AF7FC0DFF /* Pods-countitTests.release.xcconfig */,
				AAE1B8F7E82342EF18DD94D7 /* Pods-countitUITests.debug.xcconfig */,
				503CFEF07DCB8CEBE7936D26 /* Pods-countitUITests.release.xcconfig */,
			);
			name = Pods;
			sourceTree = "<group>";
		};
		BABB5BC5C70E6A26D1E39EA2 /* Frameworks */ = {
			isa = PBXGroup;
			children = (
				2FB6459C799994A5979FF6CF /* Pods_countit.framework */,
				7398A5826A458E82557B2FF5 /* Pods_countitTests.framework */,
				4B858F6F70E8087F74BC5551 /* Pods_countitUITests.framework */,
			);
			name = Frameworks;
			sourceTree = "<group>";
		};
/* End PBXGroup section */

/* Begin PBXNativeTarget section */
		1DB3900021B5BFD000C11CD7 /* countit */ = {
			isa = PBXNativeTarget;
			buildConfigurationList = 1DB3902C21B5BFD200C11CD7 /* Build configuration list for PBXNativeTarget "countit" */;
			buildPhases = (
				47BA3E7B75F3D5B571E18A84 /* [CP] Check Pods Manifest.lock */,
				1DB38FFD21B5BFD000C11CD7 /* Sources */,
				1DB38FFE21B5BFD000C11CD7 /* Frameworks */,
				1DB38FFF21B5BFD000C11CD7 /* Resources */,
				9909E7A4C830099B091A79AA /* [CP] Embed Pods Frameworks */,
			);
			buildRules = (
			);
			dependencies = (
			);
			name = countit;
			productName = countit;
			productReference = 1DB3900121B5BFD000C11CD7 /* countit.app */;
			productType = "com.apple.product-type.application";
		};
		1DB3901721B5BFD200C11CD7 /* countitTests */ = {
			isa = PBXNativeTarget;
			buildConfigurationList = 1DB3902F21B5BFD200C11CD7 /* Build configuration list for PBXNativeTarget "countitTests" */;
			buildPhases = (
				75D23F4F55CC3DFAE1B6F80A /* [CP] Check Pods Manifest.lock */,
				1DB3901421B5BFD200C11CD7 /* Sources */,
				1DB3901521B5BFD200C11CD7 /* Frameworks */,
				1DB3901621B5BFD200C11CD7 /* Resources */,
			);
			buildRules = (
			);
			dependencies = (
				1DB3901A21B5BFD200C11CD7 /* PBXTargetDependency */,
			);
			name = countitTests;
			productName = countitTests;
			productReference = 1DB3901821B5BFD200C11CD7 /* countitTests.xctest */;
			productType = "com.apple.product-type.bundle.unit-test";
		};
		1DB3902221B5BFD200C11CD7 /* countitUITests */ = {
			isa = PBXNativeTarget;
			buildConfigurationList = 1DB3903221B5BFD200C11CD7 /* Build configuration list for PBXNativeTarget "countitUITests" */;
			buildPhases = (
				CA2FF8A83B6BB7ECF72CDC8C /* [CP] Check Pods Manifest.lock */,
				1DB3901F21B5BFD200C11CD7 /* Sources */,
				1DB3902021B5BFD200C11CD7 /* Frameworks */,
				1DB3902121B5BFD200C11CD7 /* Resources */,
			);
			buildRules = (
			);
			dependencies = (
				1DB3902521B5BFD200C11CD7 /* PBXTargetDependency */,
			);
			name = countitUITests;
			productName = countitUITests;
			productReference = 1DB3902321B5BFD200C11CD7 /* countitUITests.xctest */;
			productType = "com.apple.product-type.bundle.ui-testing";
		};
/* End PBXNativeTarget section */

/* Begin PBXProject section */
		1DB38FF921B5BFD000C11CD7 /* Project object */ = {
			isa = PBXProject;
			attributes = {
				LastSwiftUpdateCheck = 1010;
				LastUpgradeCheck = 1010;
				ORGANIZATIONNAME = "David Grew";
				TargetAttributes = {
					1DB3900021B5BFD000C11CD7 = {
						CreatedOnToolsVersion = 10.1;
					};
					1DB3901721B5BFD200C11CD7 = {
						CreatedOnToolsVersion = 10.1;
						TestTargetID = 1DB3900021B5BFD000C11CD7;
					};
					1DB3902221B5BFD200C11CD7 = {
						CreatedOnToolsVersion = 10.1;
						TestTargetID = 1DB3900021B5BFD000C11CD7;
					};
				};
			};
			buildConfigurationList = 1DB38FFC21B5BFD000C11CD7 /* Build configuration list for PBXProject "countit" */;
			compatibilityVersion = "Xcode 9.3";
			developmentRegion = en;
			hasScannedForEncodings = 0;
			knownRegions = (
				en,
				Base,
			);
			mainGroup = 1DB38FF821B5BFD000C11CD7;
			productRefGroup = 1DB3900221B5BFD000C11CD7 /* Products */;
			projectDirPath = "";
			projectRoot = "";
			targets = (
				1DB3900021B5BFD000C11CD7 /* countit */,
				1DB3901721B5BFD200C11CD7 /* countitTests */,
				1DB3902221B5BFD200C11CD7 /* countitUITests */,
			);
		};
/* End PBXProject section */

/* Begin PBXResourcesBuildPhase section */
		1DB38FFF21B5BFD000C11CD7 /* Resources */ = {
			isa = PBXResourcesBuildPhase;
			buildActionMask = 2147483647;
			files = (
				1DB3900F21B5BFD200C11CD7 /* Assets.xcassets in Resources */,
			);
			runOnlyForDeploymentPostprocessing = 0;
		};
		1DB3901621B5BFD200C11CD7 /* Resources */ = {
			isa = PBXResourcesBuildPhase;
			buildActionMask = 2147483647;
			files = (
			);
			runOnlyForDeploymentPostprocessing = 0;
		};
		1DB3902121B5BFD200C11CD7 /* Resources */ = {
			isa = PBXResourcesBuildPhase;
			buildActionMask = 2147483647;
			files = (
			);
			runOnlyForDeploymentPostprocessing = 0;
		};
/* End PBXResourcesBuildPhase section */

/* Begin PBXShellScriptBuildPhase section */
		47BA3E7B75F3D5B571E18A84 /* [CP] Check Pods Manifest.lock */ = {
			isa = PBXShellScriptBuildPhase;
			buildActionMask = 2147483647;
			files = (
			);
			inputFileListPaths = (
			);
			inputPaths = (
				"${PODS_PODFILE_DIR_PATH}/Podfile.lock",
				"${PODS_ROOT}/Manifest.lock",
			);
			name = "[CP] Check Pods Manifest.lock";
			outputFileListPaths = (
			);
			outputPaths = (
				"$(DERIVED_FILE_DIR)/Pods-countit-checkManifestLockResult.txt",
			);
			runOnlyForDeploymentPostprocessing = 0;
			shellPath = /bin/sh;
			shellScript = "diff \"${PODS_PODFILE_DIR_PATH}/Podfile.lock\" \"${PODS_ROOT}/Manifest.lock\" > /dev/null\nif [ $? != 0 ] ; then\n    # print error to STDERR\n    echo \"error: The sandbox is not in sync with the Podfile.lock. Run 'pod install' or update your CocoaPods installation.\" >&2\n    exit 1\nfi\n# This output is used by Xcode 'outputs' to avoid re-running this script phase.\necho \"SUCCESS\" > \"${SCRIPT_OUTPUT_FILE_0}\"\n";
			showEnvVarsInLog = 0;
		};
		75D23F4F55CC3DFAE1B6F80A /* [CP] Check Pods Manifest.lock */ = {
			isa = PBXShellScriptBuildPhase;
			buildActionMask = 2147483647;
			files = (
			);
			inputFileListPaths = (
			);
			inputPaths = (
				"${PODS_PODFILE_DIR_PATH}/Podfile.lock",
				"${PODS_ROOT}/Manifest.lock",
			);
			name = "[CP] Check Pods Manifest.lock";
			outputFileListPaths = (
			);
			outputPaths = (
				"$(DERIVED_FILE_DIR)/Pods-countitTests-checkManifestLockResult.txt",
			);
			runOnlyForDeploymentPostprocessing = 0;
			shellPath = /bin/sh;
			shellScript = "diff \"${PODS_PODFILE_DIR_PATH}/Podfile.lock\" \"${PODS_ROOT}/Manifest.lock\" > /dev/null\nif [ $? != 0 ] ; then\n    # print error to STDERR\n    echo \"error: The sandbox is not in sync with the Podfile.lock. Run 'pod install' or update your CocoaPods installation.\" >&2\n    exit 1\nfi\n# This output is used by Xcode 'outputs' to avoid re-running this script phase.\necho \"SUCCESS\" > \"${SCRIPT_OUTPUT_FILE_0}\"\n";
			showEnvVarsInLog = 0;
		};
		9909E7A4C830099B091A79AA /* [CP] Embed Pods Frameworks */ = {
			isa = PBXShellScriptBuildPhase;
			buildActionMask = 2147483647;
			files = (
			);
			inputFileListPaths = (
			);
			inputPaths = (
				"${SRCROOT}/Pods/Target Support Files/Pods-countit/Pods-countit-frameworks.sh",
				"${BUILT_PRODUCTS_DIR}/GTProgressBar/GTProgressBar.framework",
			);
			name = "[CP] Embed Pods Frameworks";
			outputFileListPaths = (
			);
			outputPaths = (
				"${TARGET_BUILD_DIR}/${FRAMEWORKS_FOLDER_PATH}/GTProgressBar.framework",
			);
			runOnlyForDeploymentPostprocessing = 0;
			shellPath = /bin/sh;
			shellScript = "\"${SRCROOT}/Pods/Target Support Files/Pods-countit/Pods-countit-frameworks.sh\"\n";
			showEnvVarsInLog = 0;
		};
		CA2FF8A83B6BB7ECF72CDC8C /* [CP] Check Pods Manifest.lock */ = {
			isa = PBXShellScriptBuildPhase;
			buildActionMask = 2147483647;
			files = (
			);
			inputFileListPaths = (
			);
			inputPaths = (
				"${PODS_PODFILE_DIR_PATH}/Podfile.lock",
				"${PODS_ROOT}/Manifest.lock",
			);
			name = "[CP] Check Pods Manifest.lock";
			outputFileListPaths = (
			);
			outputPaths = (
				"$(DERIVED_FILE_DIR)/Pods-countitUITests-checkManifestLockResult.txt",
			);
			runOnlyForDeploymentPostprocessing = 0;
			shellPath = /bin/sh;
			shellScript = "diff \"${PODS_PODFILE_DIR_PATH}/Podfile.lock\" \"${PODS_ROOT}/Manifest.lock\" > /dev/null\nif [ $? != 0 ] ; then\n    # print error to STDERR\n    echo \"error: The sandbox is not in sync with the Podfile.lock. Run 'pod install' or update your CocoaPods installation.\" >&2\n    exit 1\nfi\n# This output is used by Xcode 'outputs' to avoid re-running this script phase.\necho \"SUCCESS\" > \"${SCRIPT_OUTPUT_FILE_0}\"\n";
			showEnvVarsInLog = 0;
		};
/* End PBXShellScriptBuildPhase section */

/* Begin PBXSourcesBuildPhase section */
		1DB38FFD21B5BFD000C11CD7 /* Sources */ = {
			isa = PBXSourcesBuildPhase;
			buildActionMask = 2147483647;
			files = (
				1D1E5735220B08450081CCE8 /* ButtonSection.swift in Sources */,
				1D692D8A22370716003FC0CE /* UIButtonBuilder.swift in Sources */,
				1DFB0B09222079100009959B /* MessageBrokerNcImpl.swift in Sources */,
				1D1E571E220A2B640081CCE8 /* ItemCell.swift in Sources */,
				1DEB4BB721E38A45002F09CF /* ActivityService.swift in Sources */,
				1D7D37D421C05E81000E3621 /* ItemService.swift in Sources */,
				1D1E571822058AEC0081CCE8 /* AppContainer.swift in Sources */,
				1DF653F021FE344400AA65C3 /* FormOptionSelectorView.swift in Sources */,
				1D886AA8221ADCE100C002C2 /* ProgressService.swift in Sources */,
				1D27FBB8220CE3E400F8789B /* ProgressSection.swift in Sources */,
				1D1E5731220B057D0081CCE8 /* ItemCellButtonDelegate.swift in Sources */,
				1D1E5721220A32520081CCE8 /* Border.swift in Sources */,
				1D886AA62212FF3300C002C2 /* UserDefaultsImpl.swift in Sources */,
				1DF6540021FF956600AA65C3 /* FormCell.swift in Sources */,
				1DEB4B9F21D93921002F09CF /* TargetDirection.swift in Sources */,
				1DFB0B052220760D0009959B /* Message.swift in Sources */,
				1D9D32A6220450FF007C675F /* ActivityHistoryDto.swift in Sources */,
				1DB3900D21B5BFD000C11CD7 /* countit.xcdatamodeld in Sources */,
				1DEB4BC521E78F44002F09CF /* AccessibilityIdentifiers.swift in Sources */,
				1D1E57092204C5B20081CCE8 /* ItemFormControllerImpl.swift in Sources */,
				1DEB4BA321D946DB002F09CF /* TargetDto.swift in Sources */,
				1DEB4BB921E38A99002F09CF /* ActivityServiceImpl.swift in Sources */,
				1D1E5728220B04D00081CCE8 /* ActionButton.swift in Sources */,
				1DF653FE21FF951500AA65C3 /* FormCellDelegate.swift in Sources */,
				1DF653EE21FE276700AA65C3 /* FormOptionSelectorController.swift in Sources */,
				1D9D329E22043988007C675F /* ButtonCell.swift in Sources */,
				1DFB0B0D22207CD40009959B /* UserInstructionService.swift in Sources */,
				1DF653F621FE432E00AA65C3 /* PrimaryNavigationController.swift in Sources */,
				1D9C9CFB223855AC0096770D /* DatePickerCell.swift in Sources */,
				1DEB4BA121D93972002F09CF /* TargetTimePeriod.swift in Sources */,
				1D7D37DF21C061E3000E3621 /* ItemRepository.swift in Sources */,
				1D692D932237DCAC003FC0CE /* FormFields.swift in Sources */,
				1DFB0B192221674A0009959B /* TestProperties.swift in Sources */,
				1DF6540221FFB56700AA65C3 /* ItemFormView.swift in Sources */,
				1DB3904221B6AC3300C11CD7 /* ViewExtensions.swift in Sources */,
				1D692D8E2237D872003FC0CE /* RecordActivityFormControllerImpl.swift in Sources */,
				1D9D32AA22045472007C675F /* ActivityHistoryControllerImpl.swift in Sources */,
				1D9D32A222044FEB007C675F /* ActivityRecordDto.swift in Sources */,
				1DB3903D21B5C19600C11CD7 /* ProgressTableController.swift in Sources */,
				1DEB4BBF21E3DCAE002F09CF /* ItemProgressSummaryDto.swift in Sources */,
				1DEB4BBD21E38B4E002F09CF /* ActivityRepositoryImpl.swift in Sources */,
				1D692D912237DB2F003FC0CE /* FormBase.swift in Sources */,
				1D27FBC7220F12FE00F8789B /* ProgressDelegate.swift in Sources */,
				1D886AA42210574B00C002C2 /* EmptyItemListCell.swift in Sources */,
				1D49B41C21B7FFFC00920CF4 /* NavigationItemBuilder.swift in Sources */,
				1D76F06E21BC527700A53853 /* ProgressTableView.swift in Sources */,
				1DF653FC21FF7CB000AA65C3 /* FormOptionDisplayCell.swift in Sources */,
				1D7D37DD21C06164000E3621 /* ItemServiceImpl.swift in Sources */,
				1D9C9CF922384EF50096770D /* RecordActivityFormView.swift in Sources */,
				1D27FBC4220F04F300F8789B /* ProgressColor.swift in Sources */,
				1D7D37D621C05EE6000E3621 /* ItemDetailsDto.swift in Sources */,
				1D7D37E221C061FD000E3621 /* ItemRepositoryImpl.swift in Sources */,
				1DF653F221FE371400AA65C3 /* FormOptionSelectorCell.swif.swift in Sources */,
				1DEB4BB321E1152B002F09CF /* Clock.swift in Sources */,
				1D27FBC2220F040300F8789B /* GTProgressBarBuilder.swift in Sources */,
				1D1E5723220A33B60081CCE8 /* DetailsSection.swift in Sources */,
				1D9D32A022044EEE007C675F /* ActivityHistoryController.swift in Sources */,
				1DFB0B0B2220793E0009959B /* MessageListener.swift in Sources */,
				1D9D32AC2204B0A5007C675F /* ActivityHistoryView.swift in Sources */,
				1DB3900521B5BFD000C11CD7 /* AppDelegate.swift in Sources */,
				1DF653FA21FF7C9000AA65C3 /* TextEntryFormCell.swift in Sources */,
				1D27FBBC220EFA8100F8789B /* Separator.swift in Sources */,
				1DEB4BB521E3892B002F09CF /* ActivityUpdateDto.swift in Sources */,
				1D692D8C2237D84C003FC0CE /* RecordActivityFormController.swift in Sources */,
				1D640C302242E15B002618D5 /* KeyboardResponder.swift in Sources */,
				1DF653F421FE429000AA65C3 /* Colors.swift in Sources */,
				1D49B41F21B8004400920CF4 /* NavBarButtonType.swift in Sources */,
				1D1E5716220587BB0081CCE8 /* RepositoryResolver.swift in Sources */,
				1D49B41521B7FD1A00920CF4 /* ItemFormController.swift in Sources */,
				1D27FBC9220F437E00F8789B /* ItemCellState.swift in Sources */,
				1D7D37E721C2F2AA000E3621 /* ControllerResolver.swift in Sources */,
				1D886AA222101FE200C002C2 /* ItemUpdateDto.swift in Sources */,
				1DEB4BBB21E38B01002F09CF /* ActivityRepository.swift in Sources */,
				1DFB0B1122215DA80009959B /* Properties.swift in Sources */,
				1D49B41A21B7FFD200920CF4 /* NavBarButtonBuilder.swift in Sources */,
				1D1E5712220586B80081CCE8 /* ServiceResolver.swift in Sources */,
				1DEB4B7A21CFF98B002F09CF /* CoreDataConfig.swift in Sources */,
				1D9D32A82204526F007C675F /* ActivityRecordCell.swift in Sources */,
				1D886AAB221ADE0B00C002C2 /* ActivityPeriodSummaryDto.swift in Sources */,
				1D1E570B2204C62A0081CCE8 /* ProgressTableControllerImpl.swift in Sources */,
				1DFB0B07222078240009959B /* MessageBroker.swift in Sources */,
				1DFB0B0F22207CF10009959B /* UserInstructionServiceImpl.swift in Sources */,
				1D886AAD221ADEA000C002C2 /* ProgressServiceImpl.swift in Sources */,
			);
			runOnlyForDeploymentPostprocessing = 0;
		};
		1DB3901421B5BFD200C11CD7 /* Sources */ = {
			isa = PBXSourcesBuildPhase;
			buildActionMask = 2147483647;
			files = (
				1DFB0B17222161DE0009959B /* TestProperties.swift in Sources */,
				1DEB4BAD21DBFEF6002F09CF /* ItemServiceContractTestBase.swift in Sources */,
				1DF653EC21F12F3C00AA65C3 /* AddDeleteActivity.swift in Sources */,
				1DD1581A221C936E00B95C9C /* TimeCalculations.swift in Sources */,
				1DEB4BAB21DBFC4C002F09CF /* ServiceConfig.swift in Sources */,
				1DF653E621EFD56300AA65C3 /* ActivityServiceTestBase.swift in Sources */,
				1DEB4B8121D00991002F09CF /* ReadItems.swift in Sources */,
				1DEB4BB021DC00E8002F09CF /* XCTestExtension.swift in Sources */,
				1DEB4B7C21CFFB07002F09CF /* TestCoreDataConfig.swift in Sources */,
				1DEB4BA621DBF2A3002F09CF /* ItemUpdateBuilder.swift in Sources */,
				1D886AB1221B2D9900C002C2 /* ProgressServiceTestBase.swift in Sources */,
				1DEB4BA821DBF2AD002F09CF /* TargetBuilder.swift in Sources */,
				1DEB4B7F21D00982002F09CF /* UpdateItems.swift in Sources */,
				1DB3901D21B5BFD200C11CD7 /* CreateItems.swift in Sources */,
				1DF653EA21F12DE000AA65C3 /* ActivityCalculations.swift in Sources */,
				1DF653E221EFD40D00AA65C3 /* TestClock.swift in Sources */,
				1DEB4B8321D009B6002F09CF /* DeleteItems.swift in Sources */,
			);
			runOnlyForDeploymentPostprocessing = 0;
		};
		1DB3901F21B5BFD200C11CD7 /* Sources */ = {
			isa = PBXSourcesBuildPhase;
			buildActionMask = 2147483647;
			files = (
				1DF653DE21ECBCD400AA65C3 /* UITestBaseItemFormSteps.swift in Sources */,
				1DEB4BC921E794DB002F09CF /* AccessibilityIdentifiers.swift in Sources */,
				1D9D32AE2204B457007C675F /* ActivityHistory.swift in Sources */,
				1D9D32B02204BD4E007C675F /* UITestBaseActivityHistorySteps.swift in Sources */,
				1DEB4B8921D52F4B002F09CF /* UserInstructions.swift in Sources */,
				1DEB4BC321E78ED8002F09CF /* PlusOne.swift in Sources */,
				1DEB4B8721D4FC9C002F09CF /* DeleteItems.swift in Sources */,
				1DF653DC21ECBCC300AA65C3 /* UITestBaseItemTableSteps.swift in Sources */,
				1DF653DA21ECBAD700AA65C3 /* UITestBaseAssertions.swift in Sources */,
				1D640C29223E79CB002618D5 /* RecordActivity.swift in Sources */,
				1DEB4BC721E7926C002F09CF /* UITestBase.swift in Sources */,
				1DB3902821B5BFD200C11CD7 /* CreateItems.swift in Sources */,
				1D640C2B223E7D13002618D5 /* UITestBaseRecordActivityFormSteps.swift in Sources */,
				1DEB4B8B21D53A5F002F09CF /* XCUIElementExtension.swift in Sources */,
				1DEB4B8521D4FC8B002F09CF /* UpdateItems.swift in Sources */,
			);
			runOnlyForDeploymentPostprocessing = 0;
		};
/* End PBXSourcesBuildPhase section */

/* Begin PBXTargetDependency section */
		1DB3901A21B5BFD200C11CD7 /* PBXTargetDependency */ = {
			isa = PBXTargetDependency;
			target = 1DB3900021B5BFD000C11CD7 /* countit */;
			targetProxy = 1DB3901921B5BFD200C11CD7 /* PBXContainerItemProxy */;
		};
		1DB3902521B5BFD200C11CD7 /* PBXTargetDependency */ = {
			isa = PBXTargetDependency;
			target = 1DB3900021B5BFD000C11CD7 /* countit */;
			targetProxy = 1DB3902421B5BFD200C11CD7 /* PBXContainerItemProxy */;
		};
/* End PBXTargetDependency section */

/* Begin XCBuildConfiguration section */
		1DB3902A21B5BFD200C11CD7 /* Debug */ = {
			isa = XCBuildConfiguration;
			buildSettings = {
				ALWAYS_SEARCH_USER_PATHS = NO;
				CLANG_ANALYZER_NONNULL = YES;
				CLANG_ANALYZER_NUMBER_OBJECT_CONVERSION = YES_AGGRESSIVE;
				CLANG_CXX_LANGUAGE_STANDARD = "gnu++14";
				CLANG_CXX_LIBRARY = "libc++";
				CLANG_ENABLE_MODULES = YES;
				CLANG_ENABLE_OBJC_ARC = YES;
				CLANG_ENABLE_OBJC_WEAK = YES;
				CLANG_WARN_BLOCK_CAPTURE_AUTORELEASING = YES;
				CLANG_WARN_BOOL_CONVERSION = YES;
				CLANG_WARN_COMMA = YES;
				CLANG_WARN_CONSTANT_CONVERSION = YES;
				CLANG_WARN_DEPRECATED_OBJC_IMPLEMENTATIONS = YES;
				CLANG_WARN_DIRECT_OBJC_ISA_USAGE = YES_ERROR;
				CLANG_WARN_DOCUMENTATION_COMMENTS = YES;
				CLANG_WARN_EMPTY_BODY = YES;
				CLANG_WARN_ENUM_CONVERSION = YES;
				CLANG_WARN_INFINITE_RECURSION = YES;
				CLANG_WARN_INT_CONVERSION = YES;
				CLANG_WARN_NON_LITERAL_NULL_CONVERSION = YES;
				CLANG_WARN_OBJC_IMPLICIT_RETAIN_SELF = YES;
				CLANG_WARN_OBJC_LITERAL_CONVERSION = YES;
				CLANG_WARN_OBJC_ROOT_CLASS = YES_ERROR;
				CLANG_WARN_RANGE_LOOP_ANALYSIS = YES;
				CLANG_WARN_STRICT_PROTOTYPES = YES;
				CLANG_WARN_SUSPICIOUS_MOVE = YES;
				CLANG_WARN_UNGUARDED_AVAILABILITY = YES_AGGRESSIVE;
				CLANG_WARN_UNREACHABLE_CODE = YES;
				CLANG_WARN__DUPLICATE_METHOD_MATCH = YES;
				CODE_SIGN_IDENTITY = "iPhone Developer";
				COPY_PHASE_STRIP = NO;
				DEBUG_INFORMATION_FORMAT = dwarf;
				ENABLE_STRICT_OBJC_MSGSEND = YES;
				ENABLE_TESTABILITY = YES;
				GCC_C_LANGUAGE_STANDARD = gnu11;
				GCC_DYNAMIC_NO_PIC = NO;
				GCC_NO_COMMON_BLOCKS = YES;
				GCC_OPTIMIZATION_LEVEL = 0;
				GCC_PREPROCESSOR_DEFINITIONS = (
					"DEBUG=1",
					"$(inherited)",
				);
				GCC_WARN_64_TO_32_BIT_CONVERSION = YES;
				GCC_WARN_ABOUT_RETURN_TYPE = YES_ERROR;
				GCC_WARN_UNDECLARED_SELECTOR = YES;
				GCC_WARN_UNINITIALIZED_AUTOS = YES_AGGRESSIVE;
				GCC_WARN_UNUSED_FUNCTION = YES;
				GCC_WARN_UNUSED_VARIABLE = YES;
				IPHONEOS_DEPLOYMENT_TARGET = 12.1;
				MTL_ENABLE_DEBUG_INFO = INCLUDE_SOURCE;
				MTL_FAST_MATH = YES;
				ONLY_ACTIVE_ARCH = YES;
				SDKROOT = iphoneos;
				SWIFT_ACTIVE_COMPILATION_CONDITIONS = DEBUG;
				SWIFT_OPTIMIZATION_LEVEL = "-Onone";
			};
			name = Debug;
		};
		1DB3902B21B5BFD200C11CD7 /* Release */ = {
			isa = XCBuildConfiguration;
			buildSettings = {
				ALWAYS_SEARCH_USER_PATHS = NO;
				CLANG_ANALYZER_NONNULL = YES;
				CLANG_ANALYZER_NUMBER_OBJECT_CONVERSION = YES_AGGRESSIVE;
				CLANG_CXX_LANGUAGE_STANDARD = "gnu++14";
				CLANG_CXX_LIBRARY = "libc++";
				CLANG_ENABLE_MODULES = YES;
				CLANG_ENABLE_OBJC_ARC = YES;
				CLANG_ENABLE_OBJC_WEAK = YES;
				CLANG_WARN_BLOCK_CAPTURE_AUTORELEASING = YES;
				CLANG_WARN_BOOL_CONVERSION = YES;
				CLANG_WARN_COMMA = YES;
				CLANG_WARN_CONSTANT_CONVERSION = YES;
				CLANG_WARN_DEPRECATED_OBJC_IMPLEMENTATIONS = YES;
				CLANG_WARN_DIRECT_OBJC_ISA_USAGE = YES_ERROR;
				CLANG_WARN_DOCUMENTATION_COMMENTS = YES;
				CLANG_WARN_EMPTY_BODY = YES;
				CLANG_WARN_ENUM_CONVERSION = YES;
				CLANG_WARN_INFINITE_RECURSION = YES;
				CLANG_WARN_INT_CONVERSION = YES;
				CLANG_WARN_NON_LITERAL_NULL_CONVERSION = YES;
				CLANG_WARN_OBJC_IMPLICIT_RETAIN_SELF = YES;
				CLANG_WARN_OBJC_LITERAL_CONVERSION = YES;
				CLANG_WARN_OBJC_ROOT_CLASS = YES_ERROR;
				CLANG_WARN_RANGE_LOOP_ANALYSIS = YES;
				CLANG_WARN_STRICT_PROTOTYPES = YES;
				CLANG_WARN_SUSPICIOUS_MOVE = YES;
				CLANG_WARN_UNGUARDED_AVAILABILITY = YES_AGGRESSIVE;
				CLANG_WARN_UNREACHABLE_CODE = YES;
				CLANG_WARN__DUPLICATE_METHOD_MATCH = YES;
				CODE_SIGN_IDENTITY = "iPhone Developer";
				COPY_PHASE_STRIP = NO;
				DEBUG_INFORMATION_FORMAT = "dwarf-with-dsym";
				ENABLE_NS_ASSERTIONS = NO;
				ENABLE_STRICT_OBJC_MSGSEND = YES;
				GCC_C_LANGUAGE_STANDARD = gnu11;
				GCC_NO_COMMON_BLOCKS = YES;
				GCC_WARN_64_TO_32_BIT_CONVERSION = YES;
				GCC_WARN_ABOUT_RETURN_TYPE = YES_ERROR;
				GCC_WARN_UNDECLARED_SELECTOR = YES;
				GCC_WARN_UNINITIALIZED_AUTOS = YES_AGGRESSIVE;
				GCC_WARN_UNUSED_FUNCTION = YES;
				GCC_WARN_UNUSED_VARIABLE = YES;
				IPHONEOS_DEPLOYMENT_TARGET = 12.1;
				MTL_ENABLE_DEBUG_INFO = NO;
				MTL_FAST_MATH = YES;
				SDKROOT = iphoneos;
				SWIFT_COMPILATION_MODE = wholemodule;
				SWIFT_OPTIMIZATION_LEVEL = "-O";
				VALIDATE_PRODUCT = YES;
			};
			name = Release;
		};
		1DB3902D21B5BFD200C11CD7 /* Debug */ = {
			isa = XCBuildConfiguration;
			baseConfigurationReference = C2858C7430761B4663BF02E5 /* Pods-countit.debug.xcconfig */;
			buildSettings = {
				ASSETCATALOG_COMPILER_APPICON_NAME = AppIcon;
				CODE_SIGN_STYLE = Automatic;
				DEVELOPMENT_TEAM = E3XM73DHEY;
				INFOPLIST_FILE = countit/config/Info.plist;
				LD_RUNPATH_SEARCH_PATHS = (
					"$(inherited)",
					"@executable_path/Frameworks",
				);
				PRODUCT_BUNDLE_IDENTIFIER = com.davidgrew.countit;
				PRODUCT_NAME = "$(TARGET_NAME)";
				SWIFT_VERSION = 4.2;
				TARGETED_DEVICE_FAMILY = "1,2";
			};
			name = Debug;
		};
		1DB3902E21B5BFD200C11CD7 /* Release */ = {
			isa = XCBuildConfiguration;
			baseConfigurationReference = B860E3498CB4090B1DB5EF1D /* Pods-countit.release.xcconfig */;
			buildSettings = {
				ASSETCATALOG_COMPILER_APPICON_NAME = AppIcon;
				CODE_SIGN_STYLE = Automatic;
				DEVELOPMENT_TEAM = E3XM73DHEY;
				INFOPLIST_FILE = countit/config/Info.plist;
				LD_RUNPATH_SEARCH_PATHS = (
					"$(inherited)",
					"@executable_path/Frameworks",
				);
				PRODUCT_BUNDLE_IDENTIFIER = com.davidgrew.countit;
				PRODUCT_NAME = "$(TARGET_NAME)";
				SWIFT_VERSION = 4.2;
				TARGETED_DEVICE_FAMILY = "1,2";
			};
			name = Release;
		};
		1DB3903021B5BFD200C11CD7 /* Debug */ = {
			isa = XCBuildConfiguration;
			baseConfigurationReference = 8F65A6535B651D6F3E181FF0 /* Pods-countitTests.debug.xcconfig */;
			buildSettings = {
				ALWAYS_EMBED_SWIFT_STANDARD_LIBRARIES = YES;
				BUNDLE_LOADER = "$(TEST_HOST)";
				CODE_SIGN_STYLE = Automatic;
				DEVELOPMENT_TEAM = E3XM73DHEY;
				INFOPLIST_FILE = countitTests/config/Info.plist;
				LD_RUNPATH_SEARCH_PATHS = (
					"$(inherited)",
					"@executable_path/Frameworks",
					"@loader_path/Frameworks",
				);
				PRODUCT_BUNDLE_IDENTIFIER = com.davidgrew.countitTests;
				PRODUCT_NAME = "$(TARGET_NAME)";
				SWIFT_VERSION = 4.2;
				TARGETED_DEVICE_FAMILY = "1,2";
				TEST_HOST = "$(BUILT_PRODUCTS_DIR)/countit.app/countit";
			};
			name = Debug;
		};
		1DB3903121B5BFD200C11CD7 /* Release */ = {
			isa = XCBuildConfiguration;
			baseConfigurationReference = 801BADFA91AC030AF7FC0DFF /* Pods-countitTests.release.xcconfig */;
			buildSettings = {
				ALWAYS_EMBED_SWIFT_STANDARD_LIBRARIES = YES;
				BUNDLE_LOADER = "$(TEST_HOST)";
				CODE_SIGN_STYLE = Automatic;
				DEVELOPMENT_TEAM = E3XM73DHEY;
				INFOPLIST_FILE = countitTests/config/Info.plist;
				LD_RUNPATH_SEARCH_PATHS = (
					"$(inherited)",
					"@executable_path/Frameworks",
					"@loader_path/Frameworks",
				);
				PRODUCT_BUNDLE_IDENTIFIER = com.davidgrew.countitTests;
				PRODUCT_NAME = "$(TARGET_NAME)";
				SWIFT_VERSION = 4.2;
				TARGETED_DEVICE_FAMILY = "1,2";
				TEST_HOST = "$(BUILT_PRODUCTS_DIR)/countit.app/countit";
			};
			name = Release;
		};
		1DB3903321B5BFD200C11CD7 /* Debug */ = {
			isa = XCBuildConfiguration;
			baseConfigurationReference = AAE1B8F7E82342EF18DD94D7 /* Pods-countitUITests.debug.xcconfig */;
			buildSettings = {
				ALWAYS_EMBED_SWIFT_STANDARD_LIBRARIES = YES;
				CODE_SIGN_STYLE = Automatic;
				DEVELOPMENT_TEAM = E3XM73DHEY;
				INFOPLIST_FILE = countitUITests/config/Info.plist;
				LD_RUNPATH_SEARCH_PATHS = (
					"$(inherited)",
					"@executable_path/Frameworks",
					"@loader_path/Frameworks",
				);
				PRODUCT_BUNDLE_IDENTIFIER = com.davidgrew.countitUITests;
				PRODUCT_NAME = "$(TARGET_NAME)";
				SWIFT_VERSION = 4.2;
				TARGETED_DEVICE_FAMILY = "1,2";
				TEST_TARGET_NAME = countit;
			};
			name = Debug;
		};
		1DB3903421B5BFD200C11CD7 /* Release */ = {
			isa = XCBuildConfiguration;
			baseConfigurationReference = 503CFEF07DCB8CEBE7936D26 /* Pods-countitUITests.release.xcconfig */;
			buildSettings = {
				ALWAYS_EMBED_SWIFT_STANDARD_LIBRARIES = YES;
				CODE_SIGN_STYLE = Automatic;
				DEVELOPMENT_TEAM = E3XM73DHEY;
				INFOPLIST_FILE = countitUITests/config/Info.plist;
				LD_RUNPATH_SEARCH_PATHS = (
					"$(inherited)",
					"@executable_path/Frameworks",
					"@loader_path/Frameworks",
				);
				PRODUCT_BUNDLE_IDENTIFIER = com.davidgrew.countitUITests;
				PRODUCT_NAME = "$(TARGET_NAME)";
				SWIFT_VERSION = 4.2;
				TARGETED_DEVICE_FAMILY = "1,2";
				TEST_TARGET_NAME = countit;
			};
			name = Release;
		};
/* End XCBuildConfiguration section */

/* Begin XCConfigurationList section */
		1DB38FFC21B5BFD000C11CD7 /* Build configuration list for PBXProject "countit" */ = {
			isa = XCConfigurationList;
			buildConfigurations = (
				1DB3902A21B5BFD200C11CD7 /* Debug */,
				1DB3902B21B5BFD200C11CD7 /* Release */,
			);
			defaultConfigurationIsVisible = 0;
			defaultConfigurationName = Release;
		};
		1DB3902C21B5BFD200C11CD7 /* Build configuration list for PBXNativeTarget "countit" */ = {
			isa = XCConfigurationList;
			buildConfigurations = (
				1DB3902D21B5BFD200C11CD7 /* Debug */,
				1DB3902E21B5BFD200C11CD7 /* Release */,
			);
			defaultConfigurationIsVisible = 0;
			defaultConfigurationName = Release;
		};
		1DB3902F21B5BFD200C11CD7 /* Build configuration list for PBXNativeTarget "countitTests" */ = {
			isa = XCConfigurationList;
			buildConfigurations = (
				1DB3903021B5BFD200C11CD7 /* Debug */,
				1DB3903121B5BFD200C11CD7 /* Release */,
			);
			defaultConfigurationIsVisible = 0;
			defaultConfigurationName = Release;
		};
		1DB3903221B5BFD200C11CD7 /* Build configuration list for PBXNativeTarget "countitUITests" */ = {
			isa = XCConfigurationList;
			buildConfigurations = (
				1DB3903321B5BFD200C11CD7 /* Debug */,
				1DB3903421B5BFD200C11CD7 /* Release */,
			);
			defaultConfigurationIsVisible = 0;
			defaultConfigurationName = Release;
		};
/* End XCConfigurationList section */

/* Begin XCVersionGroup section */
		1DB3900B21B5BFD000C11CD7 /* countit.xcdatamodeld */ = {
			isa = XCVersionGroup;
			children = (
				1DB3900C21B5BFD000C11CD7 /* countit.xcdatamodel */,
			);
			currentVersion = 1DB3900C21B5BFD000C11CD7 /* countit.xcdatamodel */;
			path = countit.xcdatamodeld;
			sourceTree = "<group>";
			versionGroupType = wrapper.xcdatamodel;
		};
/* End XCVersionGroup section */
	};
	rootObject = 1DB38FF921B5BFD000C11CD7 /* Project object */;
}
